version = 1
revision = 1
requires-python = ">=3.9"

[[package]]
name = "colorama"
version = "0.4.6"
source = { registry = "https://pypi.org/simple" }
sdist = { url = "https://files.pythonhosted.org/packages/d8/53/6f443c9a4a8358a93a6792e2acffb9d9d5cb0a5cfd8802644b7b1c9a02e4/colorama-0.4.6.tar.gz", hash = "sha256:08695f5cb7ed6e0531a20572697297273c47b8cae5a63ffc6d6ed5c201be6e44", size = 27697 }
wheels = [
    { url = "https://files.pythonhosted.org/packages/d1/d6/3965ed04c63042e047cb6a3e6ed1a63a35087b6a609aa3a15ed8ac56c221/colorama-0.4.6-py2.py3-none-any.whl", hash = "sha256:4f1d9991f5acc0ca119f9d443620b77f9d6b33703e51011c16baf57afb285fc6", size = 25335 },
]

[[package]]
name = "dora-rs"
version = "0.3.5"
source = { registry = "https://pypi.org/simple" }
dependencies = [
    { name = "pyarrow" },
]
wheels = [
    { url = "https://files.pythonhosted.org/packages/fa/a7/e14810cc258ab1f5802e71700af3e4ed1b80e398dea3d695bfc85924fd13/dora_rs-0.3.5-cp37-abi3-macosx_10_12_x86_64.whl", hash = "sha256:01f811d0c6722f74743c153a7be0144686daeafa968c473e60f6b6c5dc8f5bff", size = 7049224 },
    { url = "https://files.pythonhosted.org/packages/9a/9f/b1b158c2d53f9d80e3d0c75591c463c9269aaa04b4fe6106b6d9702fb239/dora_rs-0.3.5-cp37-abi3-macosx_11_0_arm64.whl", hash = "sha256:a36e97d31eeb66e6d5913130695d188ceee1248029961012a8b4f59fd3f58670", size = 6803675 },
    { url = "https://files.pythonhosted.org/packages/e1/fa/760d5e2c2e9116102fae27d70bf6a86b83659ff5f0ff4a9caa92e199ea07/dora_rs-0.3.5-cp37-abi3-manylinux_2_17_aarch64.manylinux2014_aarch64.whl", hash = "sha256:25d620123a733661dc740ef2b456601ddbaa69ae2b50d8141daa3c684bda385c", size = 9228751 },
    { url = "https://files.pythonhosted.org/packages/5f/05/8ef2734eb00b807a1c62b2101a406ecc618ce5c0c6f33997037138f56586/dora_rs-0.3.5-cp37-abi3-manylinux_2_17_armv7l.manylinux2014_armv7l.whl", hash = "sha256:a9fdc4e73578bebb1c8d0f8bea2243a5a9e179f08c74d98576123b59b75e5cac", size = 8893718 },
    { url = "https://files.pythonhosted.org/packages/00/37/0fb157ff3d551f8bb0d5c1c49c430f2e7f0ac2dc3e0db30a7f034a10900d/dora_rs-0.3.5-cp37-abi3-manylinux_2_17_i686.manylinux2014_i686.whl", hash = "sha256:e65830634c58158557f0ab90e5d1f492bcbc6b74587b05825ba4c20b634dc1bd", size = 9441469 },
    { url = "https://files.pythonhosted.org/packages/3c/22/709efdfc580c6ae17fcdccb582b3efcf70e5ee9fa2bcf711754be9d52d45/dora_rs-0.3.5-cp37-abi3-manylinux_2_17_x86_64.manylinux2014_x86_64.whl", hash = "sha256:c01f9ab8f93295341aeab2d606d484d9cff9d05f57581e2180433ec8e0d38307", size = 9048039 },
    { url = "https://files.pythonhosted.org/packages/4e/34/e1d7fdb21ee33a3367ca79fa319564bc76a88abad4cedaf208765833d5f3/dora_rs-0.3.5-cp37-abi3-musllinux_1_2_aarch64.whl", hash = "sha256:5d6d46a49a34cd7e4f74496a1089b9a1b78282c219a28d98fe031a763e92d530", size = 9125219 },
    { url = "https://files.pythonhosted.org/packages/82/64/1c7890fa3f9eb30b519d57bce913e7ab2ec2adb716a35a9f5bb7001d7a95/dora_rs-0.3.5-cp37-abi3-musllinux_1_2_i686.whl", hash = "sha256:bb888db22f63a7cc6ed6a287827d03a94e80f3668297b9c80169d393b99b5e6d", size = 8999442 },
    { url = "https://files.pythonhosted.org/packages/3a/ff/d72a772e6a9bf36c69a7ee069c47241669948b2be129b037169942f68ba7/dora_rs-0.3.5-cp37-abi3-musllinux_1_2_x86_64.whl", hash = "sha256:c51284263fc72c936bd735b0a9c46303c5bda8c2000cb1cb443c8cf54c1f7ff3", size = 9041613 },
    { url = "https://files.pythonhosted.org/packages/de/d8/a6bfeb961b8a15c8e73a51a839482783154a2f8927fef267d57d039043dc/dora_rs-0.3.5-cp37-abi3-win_amd64.whl", hash = "sha256:88b4fe5e5569562fcdb3817abb89532f4abca913e8bd02e4ec228833716cbd09", size = 6129593 },
]

[[package]]
name = "exceptiongroup"
version = "1.2.2"
source = { registry = "https://pypi.org/simple" }
sdist = { url = "https://files.pythonhosted.org/packages/09/35/2495c4ac46b980e4ca1f6ad6db102322ef3ad2410b79fdde159a4b0f3b92/exceptiongroup-1.2.2.tar.gz", hash = "sha256:47c2edf7c6738fafb49fd34290706d1a1a2f4d1c6df275526b62cbb4aa5393cc", size = 28883 }
wheels = [
    { url = "https://files.pythonhosted.org/packages/02/cc/b7e31358aac6ed1ef2bb790a9746ac2c69bcb3c8588b41616914eb106eaf/exceptiongroup-1.2.2-py3-none-any.whl", hash = "sha256:3111b9d131c238bec2f8f516e123e14ba243563fb135d3fe885990585aa7795b", size = 16453 },
]

[[package]]
name = "feetech-client"
version = "0.1"
source = { editable = "." }
dependencies = [
    { name = "dora-rs" },
    { name = "feetech-servo-sdk" },
    { name = "numpy" },
]

[package.dev-dependencies]
dev = [
    { name = "pytest" },
    { name = "ruff" },
]

[package.metadata]
requires-dist = [
    { name = "dora-rs", specifier = "==0.3.5" },
    { name = "feetech-servo-sdk", specifier = "==1.0.0" },
    { name = "numpy", specifier = "<=2.0.0" },
]

[package.metadata.requires-dev]
dev = [
    { name = "pytest", specifier = ">=8.1.1" },
    { name = "ruff", specifier = ">=0.9.1" },
]

[[package]]
name = "feetech-servo-sdk"
version = "1.0.0"
source = { registry = "https://pypi.org/simple" }
dependencies = [
    { name = "pyserial" },
]
sdist = { url = "https://files.pythonhosted.org/packages/5f/8e/c53d6f9a8bf3a86a635b58eeb675723f1b040f1665a0681467756c8989aa/feetech-servo-sdk-1.0.0.tar.gz", hash = "sha256:d4d3832e4b1b22a8222133a414db9f868224c2fb639426a1b11d96ddfe84e69c", size = 8392 }

[[package]]
name = "iniconfig"
version = "2.0.0"
source = { registry = "https://pypi.org/simple" }
sdist = { url = "https://files.pythonhosted.org/packages/d7/4b/cbd8e699e64a6f16ca3a8220661b5f83792b3017d0f79807cb8708d33913/iniconfig-2.0.0.tar.gz", hash = "sha256:2d91e135bf72d31a410b17c16da610a82cb55f6b0477d1a902134b24a455b8b3", size = 4646 }
wheels = [
    { url = "https://files.pythonhosted.org/packages/ef/a6/62565a6e1cf69e10f5727360368e451d4b7f58beeac6173dc9db836a5b46/iniconfig-2.0.0-py3-none-any.whl", hash = "sha256:b6a85871a79d2e3b22d2d1b94ac2824226a63c6b741c88f7ae975f18b6778374", size = 5892 },
]

[[package]]
name = "numpy"
version = "2.0.0"
source = { registry = "https://pypi.org/simple" }
sdist = { url = "https://files.pythonhosted.org/packages/05/35/fb1ada118002df3fe91b5c3b28bc0d90f879b881a5d8f68b1f9b79c44bfe/numpy-2.0.0.tar.gz", hash = "sha256:cf5d1c9e6837f8af9f92b6bd3e86d513cdc11f60fd62185cc49ec7d1aba34864", size = 18326228 }
wheels = [
    { url = "https://files.pythonhosted.org/packages/3a/83/24dafa898f172e198a1c164eb01675bbcbf5895ac8f9b1f8078ea5c2fdb5/numpy-2.0.0-cp310-cp310-macosx_10_9_x86_64.whl", hash = "sha256:04494f6ec467ccb5369d1808570ae55f6ed9b5809d7f035059000a37b8d7e86f", size = 21214540 },
    { url = "https://files.pythonhosted.org/packages/b6/8f/780b1719bee25794115b23dafd022aa4a835002077df58d4234ca6a23143/numpy-2.0.0-cp310-cp310-macosx_11_0_arm64.whl", hash = "sha256:2635dbd200c2d6faf2ef9a0d04f0ecc6b13b3cad54f7c67c61155138835515d2", size = 13307901 },
    { url = "https://files.pythonhosted.org/packages/3b/61/e1e77694c4ed929c8edebde7d2ac30dbf3ed452c1988b633569d3d7ff271/numpy-2.0.0-cp310-cp310-macosx_14_0_arm64.whl", hash = "sha256:0a43f0974d501842866cc83471bdb0116ba0dffdbaac33ec05e6afed5b615238", size = 5238781 },
    { url = "https://files.pythonhosted.org/packages/fc/1f/34b58ba54b5f202728083b5007d4b27dfcfd0edc616addadb0b35c7817d7/numpy-2.0.0-cp310-cp310-macosx_14_0_x86_64.whl", hash = "sha256:8d83bb187fb647643bd56e1ae43f273c7f4dbcdf94550d7938cfc32566756514", size = 6882511 },
    { url = "https://files.pythonhosted.org/packages/e1/5f/e51e3ebdaad1bccffdf9ba4b979c8b2fe2bd376d10bf9e9b59e1c6972a1a/numpy-2.0.0-cp310-cp310-manylinux_2_17_aarch64.manylinux2014_aarch64.whl", hash = "sha256:79e843d186c8fb1b102bef3e2bc35ef81160ffef3194646a7fdd6a73c6b97196", size = 13904765 },
    { url = "https://files.pythonhosted.org/packages/d6/a8/6a2419c40c7b6f7cb4ef52c532c88e55490c4fa92885964757d507adddce/numpy-2.0.0-cp310-cp310-manylinux_2_17_x86_64.manylinux2014_x86_64.whl", hash = "sha256:6d7696c615765091cc5093f76fd1fa069870304beaccfd58b5dcc69e55ef49c1", size = 19282097 },
    { url = "https://files.pythonhosted.org/packages/52/d3/74989fffc21c74fba73eb05591cf3a56aaa135ee2427826217487028abd0/numpy-2.0.0-cp310-cp310-musllinux_1_1_x86_64.whl", hash = "sha256:b4c76e3d4c56f145d41b7b6751255feefae92edbc9a61e1758a98204200f30fc", size = 19699985 },
    { url = "https://files.pythonhosted.org/packages/23/8a/a5cac659347f916cfaf2343eba577e98c83edd1ad6ada5586018961bf667/numpy-2.0.0-cp310-cp310-musllinux_1_2_aarch64.whl", hash = "sha256:acd3a644e4807e73b4e1867b769fbf1ce8c5d80e7caaef0d90dcdc640dfc9787", size = 14406309 },
    { url = "https://files.pythonhosted.org/packages/8b/c4/858aadfd1f3f2f815c03be62556115f43796b805943755a9aef5b6b29b04/numpy-2.0.0-cp310-cp310-win32.whl", hash = "sha256:cee6cc0584f71adefe2c908856ccc98702baf95ff80092e4ca46061538a2ba98", size = 6358424 },
    { url = "https://files.pythonhosted.org/packages/9c/de/7d17991e0683f84bcfefcf4e3f43da6b37155b9e6a0429942494f044a7ef/numpy-2.0.0-cp310-cp310-win_amd64.whl", hash = "sha256:ed08d2703b5972ec736451b818c2eb9da80d66c3e84aed1deeb0c345fefe461b", size = 16507217 },
    { url = "https://files.pythonhosted.org/packages/58/52/a1aea658c7134ea0977542fc4d1aa6f1f9876c6a14ffeecd9394d839bc16/numpy-2.0.0-cp311-cp311-macosx_10_9_x86_64.whl", hash = "sha256:ad0c86f3455fbd0de6c31a3056eb822fc939f81b1618f10ff3406971893b62a5", size = 21218342 },
    { url = "https://files.pythonhosted.org/packages/77/4d/ba4a60298c55478b34f13c97a0ac2cf8d225320322976252a250ed04040a/numpy-2.0.0-cp311-cp311-macosx_11_0_arm64.whl", hash = "sha256:e7f387600d424f91576af20518334df3d97bc76a300a755f9a8d6e4f5cadd289", size = 13272871 },
    { url = "https://files.pythonhosted.org/packages/01/4a/611a907421d8098d5edc8c2b10c3583796ee8da4156f8f7de52c2f4c9d90/numpy-2.0.0-cp311-cp311-macosx_14_0_arm64.whl", hash = "sha256:34f003cb88b1ba38cb9a9a4a3161c1604973d7f9d5552c38bc2f04f829536609", size = 5237037 },
    { url = "https://files.pythonhosted.org/packages/4f/c1/42d1789f1dff7b65f2d3237eb88db258a5a7fdfb981b895509887c92838d/numpy-2.0.0-cp311-cp311-macosx_14_0_x86_64.whl", hash = "sha256:b6f6a8f45d0313db07d6d1d37bd0b112f887e1369758a5419c0370ba915b3871", size = 6886342 },
    { url = "https://files.pythonhosted.org/packages/cd/37/595f27a95ff976e8086bc4be1ede21ed24ca4bc127588da59197a65d066f/numpy-2.0.0-cp311-cp311-manylinux_2_17_aarch64.manylinux2014_aarch64.whl", hash = "sha256:5f64641b42b2429f56ee08b4f427a4d2daf916ec59686061de751a55aafa22e4", size = 13913798 },
    { url = "https://files.pythonhosted.org/packages/d1/27/2a7bd6855dc717aeec5f553073a3c426b9c816126555f8e616392eab856b/numpy-2.0.0-cp311-cp311-manylinux_2_17_x86_64.manylinux2014_x86_64.whl", hash = "sha256:a7039a136017eaa92c1848152827e1424701532ca8e8967fe480fe1569dae581", size = 19292279 },
    { url = "https://files.pythonhosted.org/packages/1b/54/966a3f5a93d709672ad851f6db52461c0584bab52f2230cf76be482302c6/numpy-2.0.0-cp311-cp311-musllinux_1_1_x86_64.whl", hash = "sha256:46e161722e0f619749d1cd892167039015b2c2817296104487cd03ed4a955995", size = 19709770 },
    { url = "https://files.pythonhosted.org/packages/cc/8b/9340ac45b6cd8bb92a03f797dbe9b7949f5b3789482e1d824cbebc80fda7/numpy-2.0.0-cp311-cp311-musllinux_1_2_aarch64.whl", hash = "sha256:0e50842b2295ba8414c8c1d9d957083d5dfe9e16828b37de883f51fc53c4016f", size = 14417906 },
    { url = "https://files.pythonhosted.org/packages/fa/46/614507d78ca8ce1567ac2c3bf7a79bfd413d6fc96dc6b415abaeb3734c0a/numpy-2.0.0-cp311-cp311-win32.whl", hash = "sha256:2ce46fd0b8a0c947ae047d222f7136fc4d55538741373107574271bc00e20e8f", size = 6357084 },
    { url = "https://files.pythonhosted.org/packages/9b/0f/022ca4783b6e6239a53b988a4d315d67f9ae7126227fb2255054a558bd72/numpy-2.0.0-cp311-cp311-win_amd64.whl", hash = "sha256:fbd6acc766814ea6443628f4e6751d0da6593dae29c08c0b2606164db026970c", size = 16511678 },
    { url = "https://files.pythonhosted.org/packages/b7/c8/899826a2d5c94f607f5e4a6f1a0e8b07c8fea3a5b674c5706115b8aad9bb/numpy-2.0.0-cp312-cp312-macosx_10_9_x86_64.whl", hash = "sha256:354f373279768fa5a584bac997de6a6c9bc535c482592d7a813bb0c09be6c76f", size = 20944792 },
    { url = "https://files.pythonhosted.org/packages/fe/ec/8ae7750d33565769c8bb7ba925d4e73ecb2de6cd8eaa6fd527fbd52797ee/numpy-2.0.0-cp312-cp312-macosx_11_0_arm64.whl", hash = "sha256:4d2f62e55a4cd9c58c1d9a1c9edaedcd857a73cb6fda875bf79093f9d9086f85", size = 13042186 },
    { url = "https://files.pythonhosted.org/packages/3f/ab/1dc9f176d3084a2546cf76eb213dc61586d015ef59b3b17947b0e40038af/numpy-2.0.0-cp312-cp312-macosx_14_0_arm64.whl", hash = "sha256:1e72728e7501a450288fc8e1f9ebc73d90cfd4671ebbd631f3e7857c39bd16f2", size = 4977729 },
    { url = "https://files.pythonhosted.org/packages/a0/97/61ed64cedc1b94a7939e3ab3db587822320d90a77bef70fcb586ea7c1931/numpy-2.0.0-cp312-cp312-macosx_14_0_x86_64.whl", hash = "sha256:84554fc53daa8f6abf8e8a66e076aff6ece62de68523d9f665f32d2fc50fd66e", size = 6610230 },
    { url = "https://files.pythonhosted.org/packages/bb/31/1f050169270d51ef0346d4c84c7df1c45af16ea304ed5f7151584788d32e/numpy-2.0.0-cp312-cp312-manylinux_2_17_aarch64.manylinux2014_aarch64.whl", hash = "sha256:c73aafd1afca80afecb22718f8700b40ac7cab927b8abab3c3e337d70e10e5a2", size = 13619789 },
    { url = "https://files.pythonhosted.org/packages/28/95/b56fc6b2abe37c03923b50415df483cf93e09e7438872280a5486131d804/numpy-2.0.0-cp312-cp312-manylinux_2_17_x86_64.manylinux2014_x86_64.whl", hash = "sha256:49d9f7d256fbc804391a7f72d4a617302b1afac1112fac19b6c6cec63fe7fe8a", size = 18993635 },
    { url = "https://files.pythonhosted.org/packages/df/16/4c165a5194fc70e4a131f8db463e6baf34e0d191ed35d40a161ee4c885d4/numpy-2.0.0-cp312-cp312-musllinux_1_1_x86_64.whl", hash = "sha256:0ec84b9ba0654f3b962802edc91424331f423dcf5d5f926676e0150789cb3d95", size = 19408219 },
    { url = "https://files.pythonhosted.org/packages/00/4c/440bad868bd3aff4fe4e293175a20da70cddff8674b3654eb2f112868ccf/numpy-2.0.0-cp312-cp312-musllinux_1_2_aarch64.whl", hash = "sha256:feff59f27338135776f6d4e2ec7aeeac5d5f7a08a83e80869121ef8164b74af9", size = 14101574 },
    { url = "https://files.pythonhosted.org/packages/26/18/49f1e851f4157198c50f67ea3462797283aa36dd4b0c24b15f63e8118481/numpy-2.0.0-cp312-cp312-win32.whl", hash = "sha256:c5a59996dc61835133b56a32ebe4ef3740ea5bc19b3983ac60cc32be5a665d54", size = 6060205 },
    { url = "https://files.pythonhosted.org/packages/ad/9c/4a93b8e395b755c53628573d75d7b21985d9a0f416e978d637084ccc8ec3/numpy-2.0.0-cp312-cp312-win_amd64.whl", hash = "sha256:a356364941fb0593bb899a1076b92dfa2029f6f5b8ba88a14fd0984aaf76d0df", size = 16208660 },
    { url = "https://files.pythonhosted.org/packages/79/56/fb78389e7a1b1d0aa20dd0cbda5110d68f5df77b0a704180f0959b4f8ad1/numpy-2.0.0-cp39-cp39-macosx_10_9_x86_64.whl", hash = "sha256:e61155fae27570692ad1d327e81c6cf27d535a5d7ef97648a17d922224b216de", size = 21219203 },
    { url = "https://files.pythonhosted.org/packages/c6/ae/cc990cc3e9a211365391c193805496e7c7df93854d577e6a03d8a2319a12/numpy-2.0.0-cp39-cp39-macosx_11_0_arm64.whl", hash = "sha256:4554eb96f0fd263041baf16cf0881b3f5dafae7a59b1049acb9540c4d57bc8cb", size = 13281472 },
    { url = "https://files.pythonhosted.org/packages/95/ed/3a23463e2608b54af1fbd3649cd403e81b82993685d2a21006291b879122/numpy-2.0.0-cp39-cp39-macosx_14_0_arm64.whl", hash = "sha256:903703372d46bce88b6920a0cd86c3ad82dae2dbef157b5fc01b70ea1cfc430f", size = 5245754 },
    { url = "https://files.pythonhosted.org/packages/d6/a1/8e8f40820ffe78ea09233b58c0f8719707b738ef36efbdc34377989b7ea5/numpy-2.0.0-cp39-cp39-macosx_14_0_x86_64.whl", hash = "sha256:3e8e01233d57639b2e30966c63d36fcea099d17c53bf424d77f088b0f4babd86", size = 6887414 },
    { url = "https://files.pythonhosted.org/packages/3b/89/abc57eebba1da98f615c7cb5d5b04bc105f00bda34d27048772d1be5a9fb/numpy-2.0.0-cp39-cp39-manylinux_2_17_aarch64.manylinux2014_aarch64.whl", hash = "sha256:1cde1753efe513705a0c6d28f5884e22bdc30438bf0085c5c486cdaff40cd67a", size = 13910703 },
    { url = "https://files.pythonhosted.org/packages/87/d3/74e627205462a170f39e7d7ddd2b4166a0d8ab163377592c7f4fa935cc8c/numpy-2.0.0-cp39-cp39-manylinux_2_17_x86_64.manylinux2014_x86_64.whl", hash = "sha256:821eedb7165ead9eebdb569986968b541f9908979c2da8a4967ecac4439bae3d", size = 19285329 },
    { url = "https://files.pythonhosted.org/packages/c8/2e/14e7d5dd9930993797e95121176acbc3ffc1bb0ccbd2f8f7be36285ebde0/numpy-2.0.0-cp39-cp39-musllinux_1_1_x86_64.whl", hash = "sha256:9a1712c015831da583b21c5bfe15e8684137097969c6d22e8316ba66b5baabe4", size = 19705286 },
    { url = "https://files.pythonhosted.org/packages/82/2d/f89a5cce068cd178c52e9fdc10fc227966d9da0cce368610775e75111d24/numpy-2.0.0-cp39-cp39-musllinux_1_2_aarch64.whl", hash = "sha256:9c27f0946a3536403efb0e1c28def1ae6730a72cd0d5878db38824855e3afc44", size = 14409686 },
    { url = "https://files.pythonhosted.org/packages/51/e7/8ab01e44772d376efd3e1f48df618c0f6ed6aeac5e2242387f0c21a77ff7/numpy-2.0.0-cp39-cp39-win32.whl", hash = "sha256:63b92c512d9dbcc37f9d81b123dec99fdb318ba38c8059afc78086fe73820275", size = 6363194 },
    { url = "https://files.pythonhosted.org/packages/6a/1e/1d76829f03b7ac9c90e2b158f06b69cddf9a06b96667dd7e2d96acdc0593/numpy-2.0.0-cp39-cp39-win_amd64.whl", hash = "sha256:3f6bed7f840d44c08ebdb73b1825282b801799e325bcbdfa6bc5c370e5aecc65", size = 16513565 },
    { url = "https://files.pythonhosted.org/packages/9a/e0/97d246e03f9597e7275dc2f0b24f6845fbb5380ef0fac330cb1b087229f8/numpy-2.0.0-pp39-pypy39_pp73-macosx_10_9_x86_64.whl", hash = "sha256:9416a5c2e92ace094e9f0082c5fd473502c91651fb896bc17690d6fc475128d6", size = 21076646 },
    { url = "https://files.pythonhosted.org/packages/18/66/10c93572d97b410f71ad9b59b20f2a23dcdd871f025bd5376a732b408520/numpy-2.0.0-pp39-pypy39_pp73-macosx_14_0_x86_64.whl", hash = "sha256:17067d097ed036636fa79f6a869ac26df7db1ba22039d962422506640314933a", size = 6743807 },
    { url = "https://files.pythonhosted.org/packages/80/1a/354ad1a6627dbac1d4167591db51ce59ed972064bfb9979f9a37a7782900/numpy-2.0.0-pp39-pypy39_pp73-manylinux_2_17_x86_64.manylinux2014_x86_64.whl", hash = "sha256:38ecb5b0582cd125f67a629072fed6f83562d9dd04d7e03256c9829bdec027ad", size = 19089752 },
    { url = "https://files.pythonhosted.org/packages/5f/9f/fe311331410759da4d441d6d08dd54b80065f4946374e817611f4f9c527f/numpy-2.0.0-pp39-pypy39_pp73-win_amd64.whl", hash = "sha256:cef04d068f5fb0518a77857953193b6bb94809a806bd0a14983a8f12ada060c9", size = 16431128 },
]

[[package]]
name = "packaging"
version = "24.2"
source = { registry = "https://pypi.org/simple" }
sdist = { url = "https://files.pythonhosted.org/packages/d0/63/68dbb6eb2de9cb10ee4c9c14a0148804425e13c4fb20d61cce69f53106da/packaging-24.2.tar.gz", hash = "sha256:c228a6dc5e932d346bc5739379109d49e8853dd8223571c7c5b55260edc0b97f", size = 163950 }
wheels = [
    { url = "https://files.pythonhosted.org/packages/88/ef/eb23f262cca3c0c4eb7ab1933c3b1f03d021f2c48f54763065b6f0e321be/packaging-24.2-py3-none-any.whl", hash = "sha256:09abb1bccd265c01f4a3aa3f7a7db064b36514d2cba19a2f694fe6150451a759", size = 65451 },
]

[[package]]
name = "pluggy"
version = "1.5.0"
source = { registry = "https://pypi.org/simple" }
sdist = { url = "https://files.pythonhosted.org/packages/96/2d/02d4312c973c6050a18b314a5ad0b3210edb65a906f868e31c111dede4a6/pluggy-1.5.0.tar.gz", hash = "sha256:2cffa88e94fdc978c4c574f15f9e59b7f4201d439195c3715ca9e2486f1d0cf1", size = 67955 }
wheels = [
    { url = "https://files.pythonhosted.org/packages/88/5f/e351af9a41f866ac3f1fac4ca0613908d9a41741cfcf2228f4ad853b697d/pluggy-1.5.0-py3-none-any.whl", hash = "sha256:44e1ad92c8ca002de6377e165f3e0f1be63266ab4d554740532335b9d75ea669", size = 20556 },
]

[[package]]
name = "pyarrow"
version = "19.0.1"
source = { registry = "https://pypi.org/simple" }
sdist = { url = "https://files.pythonhosted.org/packages/7f/09/a9046344212690f0632b9c709f9bf18506522feb333c894d0de81d62341a/pyarrow-19.0.1.tar.gz", hash = "sha256:3bf266b485df66a400f282ac0b6d1b500b9d2ae73314a153dbe97d6d5cc8a99e", size = 1129437 }
wheels = [
    { url = "https://files.pythonhosted.org/packages/36/01/b23b514d86b839956238d3f8ef206fd2728eee87ff1b8ce150a5678d9721/pyarrow-19.0.1-cp310-cp310-macosx_12_0_arm64.whl", hash = "sha256:fc28912a2dc924dddc2087679cc8b7263accc71b9ff025a1362b004711661a69", size = 30688914 },
    { url = "https://files.pythonhosted.org/packages/c6/68/218ff7cf4a0652a933e5f2ed11274f724dd43b9813cb18dd72c0a35226a2/pyarrow-19.0.1-cp310-cp310-macosx_12_0_x86_64.whl", hash = "sha256:fca15aabbe9b8355800d923cc2e82c8ef514af321e18b437c3d782aa884eaeec", size = 32102866 },
    { url = "https://files.pythonhosted.org/packages/98/01/c295050d183014f4a2eb796d7d2bbfa04b6cccde7258bb68aacf6f18779b/pyarrow-19.0.1-cp310-cp310-manylinux_2_17_aarch64.manylinux2014_aarch64.whl", hash = "sha256:ad76aef7f5f7e4a757fddcdcf010a8290958f09e3470ea458c80d26f4316ae89", size = 41147682 },
    { url = "https://files.pythonhosted.org/packages/40/17/a6c3db0b5f3678f33bbb552d2acbc16def67f89a72955b67b0109af23eb0/pyarrow-19.0.1-cp310-cp310-manylinux_2_17_x86_64.manylinux2014_x86_64.whl", hash = "sha256:d03c9d6f2a3dffbd62671ca070f13fc527bb1867b4ec2b98c7eeed381d4f389a", size = 42179192 },
    { url = "https://files.pythonhosted.org/packages/cf/75/c7c8e599300d8cebb6cb339014800e1c720c9db2a3fcb66aa64ec84bac72/pyarrow-19.0.1-cp310-cp310-manylinux_2_28_aarch64.whl", hash = "sha256:65cf9feebab489b19cdfcfe4aa82f62147218558d8d3f0fc1e9dea0ab8e7905a", size = 40517272 },
    { url = "https://files.pythonhosted.org/packages/ef/c9/68ab123ee1528699c4d5055f645ecd1dd68ff93e4699527249d02f55afeb/pyarrow-19.0.1-cp310-cp310-manylinux_2_28_x86_64.whl", hash = "sha256:41f9706fbe505e0abc10e84bf3a906a1338905cbbcf1177b71486b03e6ea6608", size = 42069036 },
    { url = "https://files.pythonhosted.org/packages/54/e3/d5cfd7654084e6c0d9c3ce949e5d9e0ccad569ae1e2d5a68a3ec03b2be89/pyarrow-19.0.1-cp310-cp310-win_amd64.whl", hash = "sha256:c6cb2335a411b713fdf1e82a752162f72d4a7b5dbc588e32aa18383318b05866", size = 25277951 },
    { url = "https://files.pythonhosted.org/packages/a0/55/f1a8d838ec07fe3ca53edbe76f782df7b9aafd4417080eebf0b42aab0c52/pyarrow-19.0.1-cp311-cp311-macosx_12_0_arm64.whl", hash = "sha256:cc55d71898ea30dc95900297d191377caba257612f384207fe9f8293b5850f90", size = 30713987 },
    { url = "https://files.pythonhosted.org/packages/13/12/428861540bb54c98a140ae858a11f71d041ef9e501e6b7eb965ca7909505/pyarrow-19.0.1-cp311-cp311-macosx_12_0_x86_64.whl", hash = "sha256:7a544ec12de66769612b2d6988c36adc96fb9767ecc8ee0a4d270b10b1c51e00", size = 32135613 },
    { url = "https://files.pythonhosted.org/packages/2f/8a/23d7cc5ae2066c6c736bce1db8ea7bc9ac3ef97ac7e1c1667706c764d2d9/pyarrow-19.0.1-cp311-cp311-manylinux_2_17_aarch64.manylinux2014_aarch64.whl", hash = "sha256:0148bb4fc158bfbc3d6dfe5001d93ebeed253793fff4435167f6ce1dc4bddeae", size = 41149147 },
    { url = "https://files.pythonhosted.org/packages/a2/7a/845d151bb81a892dfb368bf11db584cf8b216963ccce40a5cf50a2492a18/pyarrow-19.0.1-cp311-cp311-manylinux_2_17_x86_64.manylinux2014_x86_64.whl", hash = "sha256:f24faab6ed18f216a37870d8c5623f9c044566d75ec586ef884e13a02a9d62c5", size = 42178045 },
    { url = "https://files.pythonhosted.org/packages/a7/31/e7282d79a70816132cf6cae7e378adfccce9ae10352d21c2fecf9d9756dd/pyarrow-19.0.1-cp311-cp311-manylinux_2_28_aarch64.whl", hash = "sha256:4982f8e2b7afd6dae8608d70ba5bd91699077323f812a0448d8b7abdff6cb5d3", size = 40532998 },
    { url = "https://files.pythonhosted.org/packages/b8/82/20f3c290d6e705e2ee9c1fa1d5a0869365ee477e1788073d8b548da8b64c/pyarrow-19.0.1-cp311-cp311-manylinux_2_28_x86_64.whl", hash = "sha256:49a3aecb62c1be1d822f8bf629226d4a96418228a42f5b40835c1f10d42e4db6", size = 42084055 },
    { url = "https://files.pythonhosted.org/packages/ff/77/e62aebd343238863f2c9f080ad2ef6ace25c919c6ab383436b5b81cbeef7/pyarrow-19.0.1-cp311-cp311-win_amd64.whl", hash = "sha256:008a4009efdb4ea3d2e18f05cd31f9d43c388aad29c636112c2966605ba33466", size = 25283133 },
    { url = "https://files.pythonhosted.org/packages/78/b4/94e828704b050e723f67d67c3535cf7076c7432cd4cf046e4bb3b96a9c9d/pyarrow-19.0.1-cp312-cp312-macosx_12_0_arm64.whl", hash = "sha256:80b2ad2b193e7d19e81008a96e313fbd53157945c7be9ac65f44f8937a55427b", size = 30670749 },
    { url = "https://files.pythonhosted.org/packages/7e/3b/4692965e04bb1df55e2c314c4296f1eb12b4f3052d4cf43d29e076aedf66/pyarrow-19.0.1-cp312-cp312-macosx_12_0_x86_64.whl", hash = "sha256:ee8dec072569f43835932a3b10c55973593abc00936c202707a4ad06af7cb294", size = 32128007 },
    { url = "https://files.pythonhosted.org/packages/22/f7/2239af706252c6582a5635c35caa17cb4d401cd74a87821ef702e3888957/pyarrow-19.0.1-cp312-cp312-manylinux_2_17_aarch64.manylinux2014_aarch64.whl", hash = "sha256:4d5d1ec7ec5324b98887bdc006f4d2ce534e10e60f7ad995e7875ffa0ff9cb14", size = 41144566 },
    { url = "https://files.pythonhosted.org/packages/fb/e3/c9661b2b2849cfefddd9fd65b64e093594b231b472de08ff658f76c732b2/pyarrow-19.0.1-cp312-cp312-manylinux_2_17_x86_64.manylinux2014_x86_64.whl", hash = "sha256:f3ad4c0eb4e2a9aeb990af6c09e6fa0b195c8c0e7b272ecc8d4d2b6574809d34", size = 42202991 },
    { url = "https://files.pythonhosted.org/packages/fe/4f/a2c0ed309167ef436674782dfee4a124570ba64299c551e38d3fdaf0a17b/pyarrow-19.0.1-cp312-cp312-manylinux_2_28_aarch64.whl", hash = "sha256:d383591f3dcbe545f6cc62daaef9c7cdfe0dff0fb9e1c8121101cabe9098cfa6", size = 40507986 },
    { url = "https://files.pythonhosted.org/packages/27/2e/29bb28a7102a6f71026a9d70d1d61df926887e36ec797f2e6acfd2dd3867/pyarrow-19.0.1-cp312-cp312-manylinux_2_28_x86_64.whl", hash = "sha256:b4c4156a625f1e35d6c0b2132635a237708944eb41df5fbe7d50f20d20c17832", size = 42087026 },
    { url = "https://files.pythonhosted.org/packages/16/33/2a67c0f783251106aeeee516f4806161e7b481f7d744d0d643d2f30230a5/pyarrow-19.0.1-cp312-cp312-win_amd64.whl", hash = "sha256:5bd1618ae5e5476b7654c7b55a6364ae87686d4724538c24185bbb2952679960", size = 25250108 },
    { url = "https://files.pythonhosted.org/packages/2b/8d/275c58d4b00781bd36579501a259eacc5c6dfb369be4ddeb672ceb551d2d/pyarrow-19.0.1-cp313-cp313-macosx_12_0_arm64.whl", hash = "sha256:e45274b20e524ae5c39d7fc1ca2aa923aab494776d2d4b316b49ec7572ca324c", size = 30653552 },
    { url = "https://files.pythonhosted.org/packages/a0/9e/e6aca5cc4ef0c7aec5f8db93feb0bde08dbad8c56b9014216205d271101b/pyarrow-19.0.1-cp313-cp313-macosx_12_0_x86_64.whl", hash = "sha256:d9dedeaf19097a143ed6da37f04f4051aba353c95ef507764d344229b2b740ae", size = 32103413 },
    { url = "https://files.pythonhosted.org/packages/6a/fa/a7033f66e5d4f1308c7eb0dfcd2ccd70f881724eb6fd1776657fdf65458f/pyarrow-19.0.1-cp313-cp313-manylinux_2_17_aarch64.manylinux2014_aarch64.whl", hash = "sha256:6ebfb5171bb5f4a52319344ebbbecc731af3f021e49318c74f33d520d31ae0c4", size = 41134869 },
    { url = "https://files.pythonhosted.org/packages/2d/92/34d2569be8e7abdc9d145c98dc410db0071ac579b92ebc30da35f500d630/pyarrow-19.0.1-cp313-cp313-manylinux_2_17_x86_64.manylinux2014_x86_64.whl", hash = "sha256:f2a21d39fbdb948857f67eacb5bbaaf36802de044ec36fbef7a1c8f0dd3a4ab2", size = 42192626 },
    { url = "https://files.pythonhosted.org/packages/0a/1f/80c617b1084fc833804dc3309aa9d8daacd46f9ec8d736df733f15aebe2c/pyarrow-19.0.1-cp313-cp313-manylinux_2_28_aarch64.whl", hash = "sha256:99bc1bec6d234359743b01e70d4310d0ab240c3d6b0da7e2a93663b0158616f6", size = 40496708 },
    { url = "https://files.pythonhosted.org/packages/e6/90/83698fcecf939a611c8d9a78e38e7fed7792dcc4317e29e72cf8135526fb/pyarrow-19.0.1-cp313-cp313-manylinux_2_28_x86_64.whl", hash = "sha256:1b93ef2c93e77c442c979b0d596af45e4665d8b96da598db145b0fec014b9136", size = 42075728 },
    { url = "https://files.pythonhosted.org/packages/40/49/2325f5c9e7a1c125c01ba0c509d400b152c972a47958768e4e35e04d13d8/pyarrow-19.0.1-cp313-cp313-win_amd64.whl", hash = "sha256:d9d46e06846a41ba906ab25302cf0fd522f81aa2a85a71021826f34639ad31ef", size = 25242568 },
    { url = "https://files.pythonhosted.org/packages/3f/72/135088d995a759d4d916ec4824cb19e066585b4909ebad4ab196177aa825/pyarrow-19.0.1-cp313-cp313t-macosx_12_0_arm64.whl", hash = "sha256:c0fe3dbbf054a00d1f162fda94ce236a899ca01123a798c561ba307ca38af5f0", size = 30702371 },
    { url = "https://files.pythonhosted.org/packages/2e/01/00beeebd33d6bac701f20816a29d2018eba463616bbc07397fdf99ac4ce3/pyarrow-19.0.1-cp313-cp313t-macosx_12_0_x86_64.whl", hash = "sha256:96606c3ba57944d128e8a8399da4812f56c7f61de8c647e3470b417f795d0ef9", size = 32116046 },
    { url = "https://files.pythonhosted.org/packages/1f/c9/23b1ea718dfe967cbd986d16cf2a31fe59d015874258baae16d7ea0ccabc/pyarrow-19.0.1-cp313-cp313t-manylinux_2_17_aarch64.manylinux2014_aarch64.whl", hash = "sha256:8f04d49a6b64cf24719c080b3c2029a3a5b16417fd5fd7c4041f94233af732f3", size = 41091183 },
    { url = "https://files.pythonhosted.org/packages/3a/d4/b4a3aa781a2c715520aa8ab4fe2e7fa49d33a1d4e71c8fc6ab7b5de7a3f8/pyarrow-19.0.1-cp313-cp313t-manylinux_2_17_x86_64.manylinux2014_x86_64.whl", hash = "sha256:5a9137cf7e1640dce4c190551ee69d478f7121b5c6f323553b319cac936395f6", size = 42171896 },
    { url = "https://files.pythonhosted.org/packages/23/1b/716d4cd5a3cbc387c6e6745d2704c4b46654ba2668260d25c402626c5ddb/pyarrow-19.0.1-cp313-cp313t-manylinux_2_28_aarch64.whl", hash = "sha256:7c1bca1897c28013db5e4c83944a2ab53231f541b9e0c3f4791206d0c0de389a", size = 40464851 },
    { url = "https://files.pythonhosted.org/packages/ed/bd/54907846383dcc7ee28772d7e646f6c34276a17da740002a5cefe90f04f7/pyarrow-19.0.1-cp313-cp313t-manylinux_2_28_x86_64.whl", hash = "sha256:58d9397b2e273ef76264b45531e9d552d8ec8a6688b7390b5be44c02a37aade8", size = 42085744 },
    { url = "https://files.pythonhosted.org/packages/16/26/0ec396ebe98adefaffc0fff8e0dc14c8912e61093226284cf4b76faffd22/pyarrow-19.0.1-cp39-cp39-macosx_12_0_arm64.whl", hash = "sha256:b9766a47a9cb56fefe95cb27f535038b5a195707a08bf61b180e642324963b46", size = 30701112 },
    { url = "https://files.pythonhosted.org/packages/ba/10/c35d96686bf7f13e55bb87f06fe06e7d95533c271ef7f9a5a76e26b16fc2/pyarrow-19.0.1-cp39-cp39-macosx_12_0_x86_64.whl", hash = "sha256:6c5941c1aac89a6c2f2b16cd64fe76bcdb94b2b1e99ca6459de4e6f07638d755", size = 32117180 },
    { url = "https://files.pythonhosted.org/packages/8c/0d/81881a55302b6847ea2ea187517faa039c219d80b55050904e354c2eddde/pyarrow-19.0.1-cp39-cp39-manylinux_2_17_aarch64.manylinux2014_aarch64.whl", hash = "sha256:fd44d66093a239358d07c42a91eebf5015aa54fccba959db899f932218ac9cc8", size = 41161334 },
    { url = "https://files.pythonhosted.org/packages/af/17/ea60a07ec6f6bb0740f11715e0d22ab8fdfcc94bc729832321f498370d75/pyarrow-19.0.1-cp39-cp39-manylinux_2_17_x86_64.manylinux2014_x86_64.whl", hash = "sha256:335d170e050bcc7da867a1ed8ffb8b44c57aaa6e0843b156a501298657b1e972", size = 42190375 },
    { url = "https://files.pythonhosted.org/packages/f2/87/4ef05a088b18082cde4950bdfca752dd31effb3ec201b8026e4816d0f3fa/pyarrow-19.0.1-cp39-cp39-manylinux_2_28_aarch64.whl", hash = "sha256:1c7556165bd38cf0cd992df2636f8bcdd2d4b26916c6b7e646101aff3c16f76f", size = 40530649 },
    { url = "https://files.pythonhosted.org/packages/59/1e/9fb9a66a64eae4ff332a8f149d803d8c6c556714803d20d54ed2e9524a3b/pyarrow-19.0.1-cp39-cp39-manylinux_2_28_x86_64.whl", hash = "sha256:699799f9c80bebcf1da0983ba86d7f289c5a2a5c04b945e2f2bcf7e874a91911", size = 42081576 },
    { url = "https://files.pythonhosted.org/packages/1b/ee/c110d8da8bdde8e832ccf1ff90be747cb684874e2dc8acf26840058b0c32/pyarrow-19.0.1-cp39-cp39-win_amd64.whl", hash = "sha256:8464c9fbe6d94a7fe1599e7e8965f350fd233532868232ab2596a71586c5a429", size = 25465593 },
]

[[package]]
name = "pyserial"
version = "3.5"
source = { registry = "https://pypi.org/simple" }
sdist = { url = "https://files.pythonhosted.org/packages/1e/7d/ae3f0a63f41e4d2f6cb66a5b57197850f919f59e558159a4dd3a818f5082/pyserial-3.5.tar.gz", hash = "sha256:3c77e014170dfffbd816e6ffc205e9842efb10be9f58ec16d3e8675b4925cddb", size = 159125 }
wheels = [
    { url = "https://files.pythonhosted.org/packages/07/bc/587a445451b253b285629263eb51c2d8e9bcea4fc97826266d186f96f558/pyserial-3.5-py2.py3-none-any.whl", hash = "sha256:c4451db6ba391ca6ca299fb3ec7bae67a5c55dde170964c7a14ceefec02f2cf0", size = 90585 },
]

[[package]]
name = "pytest"
version = "8.3.5"
source = { registry = "https://pypi.org/simple" }
dependencies = [
    { name = "colorama", marker = "sys_platform == 'win32'" },
    { name = "exceptiongroup", marker = "python_full_version < '3.11'" },
    { name = "iniconfig" },
    { name = "packaging" },
    { name = "pluggy" },
    { name = "tomli", marker = "python_full_version < '3.11'" },
]
sdist = { url = "https://files.pythonhosted.org/packages/ae/3c/c9d525a414d506893f0cd8a8d0de7706446213181570cdbd766691164e40/pytest-8.3.5.tar.gz", hash = "sha256:f4efe70cc14e511565ac476b57c279e12a855b11f48f212af1080ef2263d3845", size = 1450891 }
wheels = [
    { url = "https://files.pythonhosted.org/packages/30/3d/64ad57c803f1fa1e963a7946b6e0fea4a70df53c1a7fed304586539c2bac/pytest-8.3.5-py3-none-any.whl", hash = "sha256:c69214aa47deac29fad6c2a4f590b9c4a9fdb16a403176fe154b79c0b4d4d820", size = 343634 },
]

[[package]]
name = "ruff"
version = "0.9.10"
source = { registry = "https://pypi.org/simple" }
sdist = { url = "https://files.pythonhosted.org/packages/20/8e/fafaa6f15c332e73425d9c44ada85360501045d5ab0b81400076aff27cf6/ruff-0.9.10.tar.gz", hash = "sha256:9bacb735d7bada9cfb0f2c227d3658fc443d90a727b47f206fb33f52f3c0eac7", size = 3759776 }
wheels = [
    { url = "https://files.pythonhosted.org/packages/73/b2/af7c2cc9e438cbc19fafeec4f20bfcd72165460fe75b2b6e9a0958c8c62b/ruff-0.9.10-py3-none-linux_armv6l.whl", hash = "sha256:eb4d25532cfd9fe461acc83498361ec2e2252795b4f40b17e80692814329e42d", size = 10049494 },
    { url = "https://files.pythonhosted.org/packages/6d/12/03f6dfa1b95ddd47e6969f0225d60d9d7437c91938a310835feb27927ca0/ruff-0.9.10-py3-none-macosx_10_12_x86_64.whl", hash = "sha256:188a6638dab1aa9bb6228a7302387b2c9954e455fb25d6b4470cb0641d16759d", size = 10853584 },
    { url = "https://files.pythonhosted.org/packages/02/49/1c79e0906b6ff551fb0894168763f705bf980864739572b2815ecd3c9df0/ruff-0.9.10-py3-none-macosx_11_0_arm64.whl", hash = "sha256:5284dcac6b9dbc2fcb71fdfc26a217b2ca4ede6ccd57476f52a587451ebe450d", size = 10155692 },
    { url = "https://files.pythonhosted.org/packages/5b/01/85e8082e41585e0e1ceb11e41c054e9e36fed45f4b210991052d8a75089f/ruff-0.9.10-py3-none-manylinux_2_17_aarch64.manylinux2014_aarch64.whl", hash = "sha256:47678f39fa2a3da62724851107f438c8229a3470f533894b5568a39b40029c0c", size = 10369760 },
    { url = "https://files.pythonhosted.org/packages/a1/90/0bc60bd4e5db051f12445046d0c85cc2c617095c0904f1aa81067dc64aea/ruff-0.9.10-py3-none-manylinux_2_17_armv7l.manylinux2014_armv7l.whl", hash = "sha256:99713a6e2766b7a17147b309e8c915b32b07a25c9efd12ada79f217c9c778b3e", size = 9912196 },
    { url = "https://files.pythonhosted.org/packages/66/ea/0b7e8c42b1ec608033c4d5a02939c82097ddcb0b3e393e4238584b7054ab/ruff-0.9.10-py3-none-manylinux_2_17_i686.manylinux2014_i686.whl", hash = "sha256:524ee184d92f7c7304aa568e2db20f50c32d1d0caa235d8ddf10497566ea1a12", size = 11434985 },
    { url = "https://files.pythonhosted.org/packages/d5/86/3171d1eff893db4f91755175a6e1163c5887be1f1e2f4f6c0c59527c2bfd/ruff-0.9.10-py3-none-manylinux_2_17_ppc64.manylinux2014_ppc64.whl", hash = "sha256:df92aeac30af821f9acf819fc01b4afc3dfb829d2782884f8739fb52a8119a16", size = 12155842 },
    { url = "https://files.pythonhosted.org/packages/89/9e/700ca289f172a38eb0bca752056d0a42637fa17b81649b9331786cb791d7/ruff-0.9.10-py3-none-manylinux_2_17_ppc64le.manylinux2014_ppc64le.whl", hash = "sha256:de42e4edc296f520bb84954eb992a07a0ec5a02fecb834498415908469854a52", size = 11613804 },
    { url = "https://files.pythonhosted.org/packages/f2/92/648020b3b5db180f41a931a68b1c8575cca3e63cec86fd26807422a0dbad/ruff-0.9.10-py3-none-manylinux_2_17_s390x.manylinux2014_s390x.whl", hash = "sha256:d257f95b65806104b6b1ffca0ea53f4ef98454036df65b1eda3693534813ecd1", size = 13823776 },
    { url = "https://files.pythonhosted.org/packages/5e/a6/cc472161cd04d30a09d5c90698696b70c169eeba2c41030344194242db45/ruff-0.9.10-py3-none-manylinux_2_17_x86_64.manylinux2014_x86_64.whl", hash = "sha256:b60dec7201c0b10d6d11be00e8f2dbb6f40ef1828ee75ed739923799513db24c", size = 11302673 },
    { url = "https://files.pythonhosted.org/packages/6c/db/d31c361c4025b1b9102b4d032c70a69adb9ee6fde093f6c3bf29f831c85c/ruff-0.9.10-py3-none-musllinux_1_2_aarch64.whl", hash = "sha256:d838b60007da7a39c046fcdd317293d10b845001f38bcb55ba766c3875b01e43", size = 10235358 },
    { url = "https://files.pythonhosted.org/packages/d1/86/d6374e24a14d4d93ebe120f45edd82ad7dcf3ef999ffc92b197d81cdc2a5/ruff-0.9.10-py3-none-musllinux_1_2_armv7l.whl", hash = "sha256:ccaf903108b899beb8e09a63ffae5869057ab649c1e9231c05ae354ebc62066c", size = 9886177 },
    { url = "https://files.pythonhosted.org/packages/00/62/a61691f6eaaac1e945a1f3f59f1eea9a218513139d5b6c2b8f88b43b5b8f/ruff-0.9.10-py3-none-musllinux_1_2_i686.whl", hash = "sha256:f9567d135265d46e59d62dc60c0bfad10e9a6822e231f5b24032dba5a55be6b5", size = 10864747 },
    { url = "https://files.pythonhosted.org/packages/ee/94/2c7065e1d92a8a8a46d46d9c3cf07b0aa7e0a1e0153d74baa5e6620b4102/ruff-0.9.10-py3-none-musllinux_1_2_x86_64.whl", hash = "sha256:5f202f0d93738c28a89f8ed9eaba01b7be339e5d8d642c994347eaa81c6d75b8", size = 11360441 },
    { url = "https://files.pythonhosted.org/packages/a7/8f/1f545ea6f9fcd7bf4368551fb91d2064d8f0577b3079bb3f0ae5779fb773/ruff-0.9.10-py3-none-win32.whl", hash = "sha256:bfb834e87c916521ce46b1788fbb8484966e5113c02df216680102e9eb960029", size = 10247401 },
    { url = "https://files.pythonhosted.org/packages/4f/18/fb703603ab108e5c165f52f5b86ee2aa9be43bb781703ec87c66a5f5d604/ruff-0.9.10-py3-none-win_amd64.whl", hash = "sha256:f2160eeef3031bf4b17df74e307d4c5fb689a6f3a26a2de3f7ef4044e3c484f1", size = 11366360 },
    { url = "https://files.pythonhosted.org/packages/35/85/338e603dc68e7d9994d5d84f24adbf69bae760ba5efd3e20f5ff2cec18da/ruff-0.9.10-py3-none-win_arm64.whl", hash = "sha256:5fd804c0327a5e5ea26615550e706942f348b197d5475ff34c19733aee4b2e69", size = 10436892 },
]

[[package]]
name = "tomli"
version = "2.2.1"
source = { registry = "https://pypi.org/simple" }
sdist = { url = "https://files.pythonhosted.org/packages/18/87/302344fed471e44a87289cf4967697d07e532f2421fdaf868a303cbae4ff/tomli-2.2.1.tar.gz", hash = "sha256:cd45e1dc79c835ce60f7404ec8119f2eb06d38b1deba146f07ced3bbc44505ff", size = 17175 }
wheels = [
    { url = "https://files.pythonhosted.org/packages/43/ca/75707e6efa2b37c77dadb324ae7d9571cb424e61ea73fad7c56c2d14527f/tomli-2.2.1-cp311-cp311-macosx_10_9_x86_64.whl", hash = "sha256:678e4fa69e4575eb77d103de3df8a895e1591b48e740211bd1067378c69e8249", size = 131077 },
    { url = "https://files.pythonhosted.org/packages/c7/16/51ae563a8615d472fdbffc43a3f3d46588c264ac4f024f63f01283becfbb/tomli-2.2.1-cp311-cp311-macosx_11_0_arm64.whl", hash = "sha256:023aa114dd824ade0100497eb2318602af309e5a55595f76b626d6d9f3b7b0a6", size = 123429 },
    { url = "https://files.pythonhosted.org/packages/f1/dd/4f6cd1e7b160041db83c694abc78e100473c15d54620083dbd5aae7b990e/tomli-2.2.1-cp311-cp311-manylinux_2_17_aarch64.manylinux2014_aarch64.whl", hash = "sha256:ece47d672db52ac607a3d9599a9d48dcb2f2f735c6c2d1f34130085bb12b112a", size = 226067 },
    { url = "https://files.pythonhosted.org/packages/a9/6b/c54ede5dc70d648cc6361eaf429304b02f2871a345bbdd51e993d6cdf550/tomli-2.2.1-cp311-cp311-manylinux_2_17_x86_64.manylinux2014_x86_64.whl", hash = "sha256:6972ca9c9cc9f0acaa56a8ca1ff51e7af152a9f87fb64623e31d5c83700080ee", size = 236030 },
    { url = "https://files.pythonhosted.org/packages/1f/47/999514fa49cfaf7a92c805a86c3c43f4215621855d151b61c602abb38091/tomli-2.2.1-cp311-cp311-manylinux_2_5_i686.manylinux1_i686.manylinux_2_17_i686.manylinux2014_i686.whl", hash = "sha256:c954d2250168d28797dd4e3ac5cf812a406cd5a92674ee4c8f123c889786aa8e", size = 240898 },
    { url = "https://files.pythonhosted.org/packages/73/41/0a01279a7ae09ee1573b423318e7934674ce06eb33f50936655071d81a24/tomli-2.2.1-cp311-cp311-musllinux_1_2_aarch64.whl", hash = "sha256:8dd28b3e155b80f4d54beb40a441d366adcfe740969820caf156c019fb5c7ec4", size = 229894 },
    { url = "https://files.pythonhosted.org/packages/55/18/5d8bc5b0a0362311ce4d18830a5d28943667599a60d20118074ea1b01bb7/tomli-2.2.1-cp311-cp311-musllinux_1_2_i686.whl", hash = "sha256:e59e304978767a54663af13c07b3d1af22ddee3bb2fb0618ca1593e4f593a106", size = 245319 },
    { url = "https://files.pythonhosted.org/packages/92/a3/7ade0576d17f3cdf5ff44d61390d4b3febb8a9fc2b480c75c47ea048c646/tomli-2.2.1-cp311-cp311-musllinux_1_2_x86_64.whl", hash = "sha256:33580bccab0338d00994d7f16f4c4ec25b776af3ffaac1ed74e0b3fc95e885a8", size = 238273 },
    { url = "https://files.pythonhosted.org/packages/72/6f/fa64ef058ac1446a1e51110c375339b3ec6be245af9d14c87c4a6412dd32/tomli-2.2.1-cp311-cp311-win32.whl", hash = "sha256:465af0e0875402f1d226519c9904f37254b3045fc5084697cefb9bdde1ff99ff", size = 98310 },
    { url = "https://files.pythonhosted.org/packages/6a/1c/4a2dcde4a51b81be3530565e92eda625d94dafb46dbeb15069df4caffc34/tomli-2.2.1-cp311-cp311-win_amd64.whl", hash = "sha256:2d0f2fdd22b02c6d81637a3c95f8cd77f995846af7414c5c4b8d0545afa1bc4b", size = 108309 },
    { url = "https://files.pythonhosted.org/packages/52/e1/f8af4c2fcde17500422858155aeb0d7e93477a0d59a98e56cbfe75070fd0/tomli-2.2.1-cp312-cp312-macosx_10_13_x86_64.whl", hash = "sha256:4a8f6e44de52d5e6c657c9fe83b562f5f4256d8ebbfe4ff922c495620a7f6cea", size = 132762 },
    { url = "https://files.pythonhosted.org/packages/03/b8/152c68bb84fc00396b83e7bbddd5ec0bd3dd409db4195e2a9b3e398ad2e3/tomli-2.2.1-cp312-cp312-macosx_11_0_arm64.whl", hash = "sha256:8d57ca8095a641b8237d5b079147646153d22552f1c637fd3ba7f4b0b29167a8", size = 123453 },
    { url = "https://files.pythonhosted.org/packages/c8/d6/fc9267af9166f79ac528ff7e8c55c8181ded34eb4b0e93daa767b8841573/tomli-2.2.1-cp312-cp312-manylinux_2_17_aarch64.manylinux2014_aarch64.whl", hash = "sha256:4e340144ad7ae1533cb897d406382b4b6fede8890a03738ff1683af800d54192", size = 233486 },
    { url = "https://files.pythonhosted.org/packages/5c/51/51c3f2884d7bab89af25f678447ea7d297b53b5a3b5730a7cb2ef6069f07/tomli-2.2.1-cp312-cp312-manylinux_2_17_x86_64.manylinux2014_x86_64.whl", hash = "sha256:db2b95f9de79181805df90bedc5a5ab4c165e6ec3fe99f970d0e302f384ad222", size = 242349 },
    { url = "https://files.pythonhosted.org/packages/ab/df/bfa89627d13a5cc22402e441e8a931ef2108403db390ff3345c05253935e/tomli-2.2.1-cp312-cp312-manylinux_2_5_i686.manylinux1_i686.manylinux_2_17_i686.manylinux2014_i686.whl", hash = "sha256:40741994320b232529c802f8bc86da4e1aa9f413db394617b9a256ae0f9a7f77", size = 252159 },
    { url = "https://files.pythonhosted.org/packages/9e/6e/fa2b916dced65763a5168c6ccb91066f7639bdc88b48adda990db10c8c0b/tomli-2.2.1-cp312-cp312-musllinux_1_2_aarch64.whl", hash = "sha256:400e720fe168c0f8521520190686ef8ef033fb19fc493da09779e592861b78c6", size = 237243 },
    { url = "https://files.pythonhosted.org/packages/b4/04/885d3b1f650e1153cbb93a6a9782c58a972b94ea4483ae4ac5cedd5e4a09/tomli-2.2.1-cp312-cp312-musllinux_1_2_i686.whl", hash = "sha256:02abe224de6ae62c19f090f68da4e27b10af2b93213d36cf44e6e1c5abd19fdd", size = 259645 },
    { url = "https://files.pythonhosted.org/packages/9c/de/6b432d66e986e501586da298e28ebeefd3edc2c780f3ad73d22566034239/tomli-2.2.1-cp312-cp312-musllinux_1_2_x86_64.whl", hash = "sha256:b82ebccc8c8a36f2094e969560a1b836758481f3dc360ce9a3277c65f374285e", size = 244584 },
    { url = "https://files.pythonhosted.org/packages/1c/9a/47c0449b98e6e7d1be6cbac02f93dd79003234ddc4aaab6ba07a9a7482e2/tomli-2.2.1-cp312-cp312-win32.whl", hash = "sha256:889f80ef92701b9dbb224e49ec87c645ce5df3fa2cc548664eb8a25e03127a98", size = 98875 },
    { url = "https://files.pythonhosted.org/packages/ef/60/9b9638f081c6f1261e2688bd487625cd1e660d0a85bd469e91d8db969734/tomli-2.2.1-cp312-cp312-win_amd64.whl", hash = "sha256:7fc04e92e1d624a4a63c76474610238576942d6b8950a2d7f908a340494e67e4", size = 109418 },
    { url = "https://files.pythonhosted.org/packages/04/90/2ee5f2e0362cb8a0b6499dc44f4d7d48f8fff06d28ba46e6f1eaa61a1388/tomli-2.2.1-cp313-cp313-macosx_10_13_x86_64.whl", hash = "sha256:f4039b9cbc3048b2416cc57ab3bda989a6fcf9b36cf8937f01a6e731b64f80d7", size = 132708 },
    { url = "https://files.pythonhosted.org/packages/c0/ec/46b4108816de6b385141f082ba99e315501ccd0a2ea23db4a100dd3990ea/tomli-2.2.1-cp313-cp313-macosx_11_0_arm64.whl", hash = "sha256:286f0ca2ffeeb5b9bd4fcc8d6c330534323ec51b2f52da063b11c502da16f30c", size = 123582 },
    { url = "https://files.pythonhosted.org/packages/a0/bd/b470466d0137b37b68d24556c38a0cc819e8febe392d5b199dcd7f578365/tomli-2.2.1-cp313-cp313-manylinux_2_17_aarch64.manylinux2014_aarch64.whl", hash = "sha256:a92ef1a44547e894e2a17d24e7557a5e85a9e1d0048b0b5e7541f76c5032cb13", size = 232543 },
    { url = "https://files.pythonhosted.org/packages/d9/e5/82e80ff3b751373f7cead2815bcbe2d51c895b3c990686741a8e56ec42ab/tomli-2.2.1-cp313-cp313-manylinux_2_17_x86_64.manylinux2014_x86_64.whl", hash = "sha256:9316dc65bed1684c9a98ee68759ceaed29d229e985297003e494aa825ebb0281", size = 241691 },
    { url = "https://files.pythonhosted.org/packages/05/7e/2a110bc2713557d6a1bfb06af23dd01e7dde52b6ee7dadc589868f9abfac/tomli-2.2.1-cp313-cp313-manylinux_2_5_i686.manylinux1_i686.manylinux_2_17_i686.manylinux2014_i686.whl", hash = "sha256:e85e99945e688e32d5a35c1ff38ed0b3f41f43fad8df0bdf79f72b2ba7bc5272", size = 251170 },
    { url = "https://files.pythonhosted.org/packages/64/7b/22d713946efe00e0adbcdfd6d1aa119ae03fd0b60ebed51ebb3fa9f5a2e5/tomli-2.2.1-cp313-cp313-musllinux_1_2_aarch64.whl", hash = "sha256:ac065718db92ca818f8d6141b5f66369833d4a80a9d74435a268c52bdfa73140", size = 236530 },
    { url = "https://files.pythonhosted.org/packages/38/31/3a76f67da4b0cf37b742ca76beaf819dca0ebef26d78fc794a576e08accf/tomli-2.2.1-cp313-cp313-musllinux_1_2_i686.whl", hash = "sha256:d920f33822747519673ee656a4b6ac33e382eca9d331c87770faa3eef562aeb2", size = 258666 },
    { url = "https://files.pythonhosted.org/packages/07/10/5af1293da642aded87e8a988753945d0cf7e00a9452d3911dd3bb354c9e2/tomli-2.2.1-cp313-cp313-musllinux_1_2_x86_64.whl", hash = "sha256:a198f10c4d1b1375d7687bc25294306e551bf1abfa4eace6650070a5c1ae2744", size = 243954 },
    { url = "https://files.pythonhosted.org/packages/5b/b9/1ed31d167be802da0fc95020d04cd27b7d7065cc6fbefdd2f9186f60d7bd/tomli-2.2.1-cp313-cp313-win32.whl", hash = "sha256:d3f5614314d758649ab2ab3a62d4f2004c825922f9e370b29416484086b264ec", size = 98724 },
    { url = "https://files.pythonhosted.org/packages/c7/32/b0963458706accd9afcfeb867c0f9175a741bf7b19cd424230714d722198/tomli-2.2.1-cp313-cp313-win_amd64.whl", hash = "sha256:a38aa0308e754b0e3c67e344754dff64999ff9b513e691d0e786265c93583c69", size = 109383 },
    { url = "https://files.pythonhosted.org/packages/6e/c2/61d3e0f47e2b74ef40a68b9e6ad5984f6241a942f7cd3bbfbdbd03861ea9/tomli-2.2.1-py3-none-any.whl", hash = "sha256:cb55c73c5f4408779d0cf3eef9f762b9c9f147a77de7b258bef0a5628adc85cc", size = 14257 },
]
