version = 1
revision = 1
requires-python = ">=3.9"
resolution-markers = [
    "python_full_version >= '3.12' and sys_platform == 'darwin'",
    "python_full_version >= '3.12' and platform_machine == 'aarch64' and sys_platform == 'linux'",
    "(python_full_version >= '3.12' and platform_machine != 'aarch64' and sys_platform == 'linux') or (python_full_version >= '3.12' and sys_platform != 'darwin' and sys_platform != 'linux')",
    "python_full_version == '3.11.*' and sys_platform == 'darwin'",
    "python_full_version == '3.11.*' and platform_machine == 'aarch64' and sys_platform == 'linux'",
    "(python_full_version == '3.11.*' and platform_machine != 'aarch64' and sys_platform == 'linux') or (python_full_version == '3.11.*' and sys_platform != 'darwin' and sys_platform != 'linux')",
    "python_full_version == '3.10.*' and sys_platform == 'darwin'",
    "python_full_version == '3.10.*' and platform_machine == 'aarch64' and sys_platform == 'linux'",
    "(python_full_version == '3.10.*' and platform_machine != 'aarch64' and sys_platform == 'linux') or (python_full_version == '3.10.*' and sys_platform != 'darwin' and sys_platform != 'linux')",
    "python_full_version < '3.10' and platform_machine == 'arm64' and sys_platform == 'darwin'",
    "python_full_version < '3.10' and platform_machine == 'aarch64' and sys_platform == 'linux'",
    "(python_full_version < '3.10' and platform_machine != 'arm64' and sys_platform == 'darwin') or (python_full_version < '3.10' and platform_machine != 'aarch64' and sys_platform == 'linux') or (python_full_version < '3.10' and sys_platform != 'darwin' and sys_platform != 'linux')",
]

[[package]]
name = "dora-rs"
version = "0.3.5"
source = { registry = "https://pypi.org/simple" }
dependencies = [
    { name = "pyarrow" },
]
wheels = [
    { url = "https://files.pythonhosted.org/packages/fa/a7/e14810cc258ab1f5802e71700af3e4ed1b80e398dea3d695bfc85924fd13/dora_rs-0.3.5-cp37-abi3-macosx_10_12_x86_64.whl", hash = "sha256:01f811d0c6722f74743c153a7be0144686daeafa968c473e60f6b6c5dc8f5bff", size = 7049224 },
    { url = "https://files.pythonhosted.org/packages/9a/9f/b1b158c2d53f9d80e3d0c75591c463c9269aaa04b4fe6106b6d9702fb239/dora_rs-0.3.5-cp37-abi3-macosx_11_0_arm64.whl", hash = "sha256:a36e97d31eeb66e6d5913130695d188ceee1248029961012a8b4f59fd3f58670", size = 6803675 },
    { url = "https://files.pythonhosted.org/packages/e1/fa/760d5e2c2e9116102fae27d70bf6a86b83659ff5f0ff4a9caa92e199ea07/dora_rs-0.3.5-cp37-abi3-manylinux_2_17_aarch64.manylinux2014_aarch64.whl", hash = "sha256:25d620123a733661dc740ef2b456601ddbaa69ae2b50d8141daa3c684bda385c", size = 9228751 },
    { url = "https://files.pythonhosted.org/packages/5f/05/8ef2734eb00b807a1c62b2101a406ecc618ce5c0c6f33997037138f56586/dora_rs-0.3.5-cp37-abi3-manylinux_2_17_armv7l.manylinux2014_armv7l.whl", hash = "sha256:a9fdc4e73578bebb1c8d0f8bea2243a5a9e179f08c74d98576123b59b75e5cac", size = 8893718 },
    { url = "https://files.pythonhosted.org/packages/00/37/0fb157ff3d551f8bb0d5c1c49c430f2e7f0ac2dc3e0db30a7f034a10900d/dora_rs-0.3.5-cp37-abi3-manylinux_2_17_i686.manylinux2014_i686.whl", hash = "sha256:e65830634c58158557f0ab90e5d1f492bcbc6b74587b05825ba4c20b634dc1bd", size = 9441469 },
    { url = "https://files.pythonhosted.org/packages/3c/22/709efdfc580c6ae17fcdccb582b3efcf70e5ee9fa2bcf711754be9d52d45/dora_rs-0.3.5-cp37-abi3-manylinux_2_17_x86_64.manylinux2014_x86_64.whl", hash = "sha256:c01f9ab8f93295341aeab2d606d484d9cff9d05f57581e2180433ec8e0d38307", size = 9048039 },
    { url = "https://files.pythonhosted.org/packages/4e/34/e1d7fdb21ee33a3367ca79fa319564bc76a88abad4cedaf208765833d5f3/dora_rs-0.3.5-cp37-abi3-musllinux_1_2_aarch64.whl", hash = "sha256:5d6d46a49a34cd7e4f74496a1089b9a1b78282c219a28d98fe031a763e92d530", size = 9125219 },
    { url = "https://files.pythonhosted.org/packages/82/64/1c7890fa3f9eb30b519d57bce913e7ab2ec2adb716a35a9f5bb7001d7a95/dora_rs-0.3.5-cp37-abi3-musllinux_1_2_i686.whl", hash = "sha256:bb888db22f63a7cc6ed6a287827d03a94e80f3668297b9c80169d393b99b5e6d", size = 8999442 },
    { url = "https://files.pythonhosted.org/packages/3a/ff/d72a772e6a9bf36c69a7ee069c47241669948b2be129b037169942f68ba7/dora_rs-0.3.5-cp37-abi3-musllinux_1_2_x86_64.whl", hash = "sha256:c51284263fc72c936bd735b0a9c46303c5bda8c2000cb1cb443c8cf54c1f7ff3", size = 9041613 },
    { url = "https://files.pythonhosted.org/packages/de/d8/a6bfeb961b8a15c8e73a51a839482783154a2f8927fef267d57d039043dc/dora_rs-0.3.5-cp37-abi3-win_amd64.whl", hash = "sha256:88b4fe5e5569562fcdb3817abb89532f4abca913e8bd02e4ec228833716cbd09", size = 6129593 },
]

[[package]]
name = "numpy"
version = "2.0.0"
source = { registry = "https://pypi.org/simple" }
sdist = { url = "https://files.pythonhosted.org/packages/05/35/fb1ada118002df3fe91b5c3b28bc0d90f879b881a5d8f68b1f9b79c44bfe/numpy-2.0.0.tar.gz", hash = "sha256:cf5d1c9e6837f8af9f92b6bd3e86d513cdc11f60fd62185cc49ec7d1aba34864", size = 18326228 }
wheels = [
    { url = "https://files.pythonhosted.org/packages/3a/83/24dafa898f172e198a1c164eb01675bbcbf5895ac8f9b1f8078ea5c2fdb5/numpy-2.0.0-cp310-cp310-macosx_10_9_x86_64.whl", hash = "sha256:04494f6ec467ccb5369d1808570ae55f6ed9b5809d7f035059000a37b8d7e86f", size = 21214540 },
    { url = "https://files.pythonhosted.org/packages/b6/8f/780b1719bee25794115b23dafd022aa4a835002077df58d4234ca6a23143/numpy-2.0.0-cp310-cp310-macosx_11_0_arm64.whl", hash = "sha256:2635dbd200c2d6faf2ef9a0d04f0ecc6b13b3cad54f7c67c61155138835515d2", size = 13307901 },
    { url = "https://files.pythonhosted.org/packages/3b/61/e1e77694c4ed929c8edebde7d2ac30dbf3ed452c1988b633569d3d7ff271/numpy-2.0.0-cp310-cp310-macosx_14_0_arm64.whl", hash = "sha256:0a43f0974d501842866cc83471bdb0116ba0dffdbaac33ec05e6afed5b615238", size = 5238781 },
    { url = "https://files.pythonhosted.org/packages/fc/1f/34b58ba54b5f202728083b5007d4b27dfcfd0edc616addadb0b35c7817d7/numpy-2.0.0-cp310-cp310-macosx_14_0_x86_64.whl", hash = "sha256:8d83bb187fb647643bd56e1ae43f273c7f4dbcdf94550d7938cfc32566756514", size = 6882511 },
    { url = "https://files.pythonhosted.org/packages/e1/5f/e51e3ebdaad1bccffdf9ba4b979c8b2fe2bd376d10bf9e9b59e1c6972a1a/numpy-2.0.0-cp310-cp310-manylinux_2_17_aarch64.manylinux2014_aarch64.whl", hash = "sha256:79e843d186c8fb1b102bef3e2bc35ef81160ffef3194646a7fdd6a73c6b97196", size = 13904765 },
    { url = "https://files.pythonhosted.org/packages/d6/a8/6a2419c40c7b6f7cb4ef52c532c88e55490c4fa92885964757d507adddce/numpy-2.0.0-cp310-cp310-manylinux_2_17_x86_64.manylinux2014_x86_64.whl", hash = "sha256:6d7696c615765091cc5093f76fd1fa069870304beaccfd58b5dcc69e55ef49c1", size = 19282097 },
    { url = "https://files.pythonhosted.org/packages/52/d3/74989fffc21c74fba73eb05591cf3a56aaa135ee2427826217487028abd0/numpy-2.0.0-cp310-cp310-musllinux_1_1_x86_64.whl", hash = "sha256:b4c76e3d4c56f145d41b7b6751255feefae92edbc9a61e1758a98204200f30fc", size = 19699985 },
    { url = "https://files.pythonhosted.org/packages/23/8a/a5cac659347f916cfaf2343eba577e98c83edd1ad6ada5586018961bf667/numpy-2.0.0-cp310-cp310-musllinux_1_2_aarch64.whl", hash = "sha256:acd3a644e4807e73b4e1867b769fbf1ce8c5d80e7caaef0d90dcdc640dfc9787", size = 14406309 },
    { url = "https://files.pythonhosted.org/packages/8b/c4/858aadfd1f3f2f815c03be62556115f43796b805943755a9aef5b6b29b04/numpy-2.0.0-cp310-cp310-win32.whl", hash = "sha256:cee6cc0584f71adefe2c908856ccc98702baf95ff80092e4ca46061538a2ba98", size = 6358424 },
    { url = "https://files.pythonhosted.org/packages/9c/de/7d17991e0683f84bcfefcf4e3f43da6b37155b9e6a0429942494f044a7ef/numpy-2.0.0-cp310-cp310-win_amd64.whl", hash = "sha256:ed08d2703b5972ec736451b818c2eb9da80d66c3e84aed1deeb0c345fefe461b", size = 16507217 },
    { url = "https://files.pythonhosted.org/packages/58/52/a1aea658c7134ea0977542fc4d1aa6f1f9876c6a14ffeecd9394d839bc16/numpy-2.0.0-cp311-cp311-macosx_10_9_x86_64.whl", hash = "sha256:ad0c86f3455fbd0de6c31a3056eb822fc939f81b1618f10ff3406971893b62a5", size = 21218342 },
    { url = "https://files.pythonhosted.org/packages/77/4d/ba4a60298c55478b34f13c97a0ac2cf8d225320322976252a250ed04040a/numpy-2.0.0-cp311-cp311-macosx_11_0_arm64.whl", hash = "sha256:e7f387600d424f91576af20518334df3d97bc76a300a755f9a8d6e4f5cadd289", size = 13272871 },
    { url = "https://files.pythonhosted.org/packages/01/4a/611a907421d8098d5edc8c2b10c3583796ee8da4156f8f7de52c2f4c9d90/numpy-2.0.0-cp311-cp311-macosx_14_0_arm64.whl", hash = "sha256:34f003cb88b1ba38cb9a9a4a3161c1604973d7f9d5552c38bc2f04f829536609", size = 5237037 },
    { url = "https://files.pythonhosted.org/packages/4f/c1/42d1789f1dff7b65f2d3237eb88db258a5a7fdfb981b895509887c92838d/numpy-2.0.0-cp311-cp311-macosx_14_0_x86_64.whl", hash = "sha256:b6f6a8f45d0313db07d6d1d37bd0b112f887e1369758a5419c0370ba915b3871", size = 6886342 },
    { url = "https://files.pythonhosted.org/packages/cd/37/595f27a95ff976e8086bc4be1ede21ed24ca4bc127588da59197a65d066f/numpy-2.0.0-cp311-cp311-manylinux_2_17_aarch64.manylinux2014_aarch64.whl", hash = "sha256:5f64641b42b2429f56ee08b4f427a4d2daf916ec59686061de751a55aafa22e4", size = 13913798 },
    { url = "https://files.pythonhosted.org/packages/d1/27/2a7bd6855dc717aeec5f553073a3c426b9c816126555f8e616392eab856b/numpy-2.0.0-cp311-cp311-manylinux_2_17_x86_64.manylinux2014_x86_64.whl", hash = "sha256:a7039a136017eaa92c1848152827e1424701532ca8e8967fe480fe1569dae581", size = 19292279 },
    { url = "https://files.pythonhosted.org/packages/1b/54/966a3f5a93d709672ad851f6db52461c0584bab52f2230cf76be482302c6/numpy-2.0.0-cp311-cp311-musllinux_1_1_x86_64.whl", hash = "sha256:46e161722e0f619749d1cd892167039015b2c2817296104487cd03ed4a955995", size = 19709770 },
    { url = "https://files.pythonhosted.org/packages/cc/8b/9340ac45b6cd8bb92a03f797dbe9b7949f5b3789482e1d824cbebc80fda7/numpy-2.0.0-cp311-cp311-musllinux_1_2_aarch64.whl", hash = "sha256:0e50842b2295ba8414c8c1d9d957083d5dfe9e16828b37de883f51fc53c4016f", size = 14417906 },
    { url = "https://files.pythonhosted.org/packages/fa/46/614507d78ca8ce1567ac2c3bf7a79bfd413d6fc96dc6b415abaeb3734c0a/numpy-2.0.0-cp311-cp311-win32.whl", hash = "sha256:2ce46fd0b8a0c947ae047d222f7136fc4d55538741373107574271bc00e20e8f", size = 6357084 },
    { url = "https://files.pythonhosted.org/packages/9b/0f/022ca4783b6e6239a53b988a4d315d67f9ae7126227fb2255054a558bd72/numpy-2.0.0-cp311-cp311-win_amd64.whl", hash = "sha256:fbd6acc766814ea6443628f4e6751d0da6593dae29c08c0b2606164db026970c", size = 16511678 },
    { url = "https://files.pythonhosted.org/packages/b7/c8/899826a2d5c94f607f5e4a6f1a0e8b07c8fea3a5b674c5706115b8aad9bb/numpy-2.0.0-cp312-cp312-macosx_10_9_x86_64.whl", hash = "sha256:354f373279768fa5a584bac997de6a6c9bc535c482592d7a813bb0c09be6c76f", size = 20944792 },
    { url = "https://files.pythonhosted.org/packages/fe/ec/8ae7750d33565769c8bb7ba925d4e73ecb2de6cd8eaa6fd527fbd52797ee/numpy-2.0.0-cp312-cp312-macosx_11_0_arm64.whl", hash = "sha256:4d2f62e55a4cd9c58c1d9a1c9edaedcd857a73cb6fda875bf79093f9d9086f85", size = 13042186 },
    { url = "https://files.pythonhosted.org/packages/3f/ab/1dc9f176d3084a2546cf76eb213dc61586d015ef59b3b17947b0e40038af/numpy-2.0.0-cp312-cp312-macosx_14_0_arm64.whl", hash = "sha256:1e72728e7501a450288fc8e1f9ebc73d90cfd4671ebbd631f3e7857c39bd16f2", size = 4977729 },
    { url = "https://files.pythonhosted.org/packages/a0/97/61ed64cedc1b94a7939e3ab3db587822320d90a77bef70fcb586ea7c1931/numpy-2.0.0-cp312-cp312-macosx_14_0_x86_64.whl", hash = "sha256:84554fc53daa8f6abf8e8a66e076aff6ece62de68523d9f665f32d2fc50fd66e", size = 6610230 },
    { url = "https://files.pythonhosted.org/packages/bb/31/1f050169270d51ef0346d4c84c7df1c45af16ea304ed5f7151584788d32e/numpy-2.0.0-cp312-cp312-manylinux_2_17_aarch64.manylinux2014_aarch64.whl", hash = "sha256:c73aafd1afca80afecb22718f8700b40ac7cab927b8abab3c3e337d70e10e5a2", size = 13619789 },
    { url = "https://files.pythonhosted.org/packages/28/95/b56fc6b2abe37c03923b50415df483cf93e09e7438872280a5486131d804/numpy-2.0.0-cp312-cp312-manylinux_2_17_x86_64.manylinux2014_x86_64.whl", hash = "sha256:49d9f7d256fbc804391a7f72d4a617302b1afac1112fac19b6c6cec63fe7fe8a", size = 18993635 },
    { url = "https://files.pythonhosted.org/packages/df/16/4c165a5194fc70e4a131f8db463e6baf34e0d191ed35d40a161ee4c885d4/numpy-2.0.0-cp312-cp312-musllinux_1_1_x86_64.whl", hash = "sha256:0ec84b9ba0654f3b962802edc91424331f423dcf5d5f926676e0150789cb3d95", size = 19408219 },
    { url = "https://files.pythonhosted.org/packages/00/4c/440bad868bd3aff4fe4e293175a20da70cddff8674b3654eb2f112868ccf/numpy-2.0.0-cp312-cp312-musllinux_1_2_aarch64.whl", hash = "sha256:feff59f27338135776f6d4e2ec7aeeac5d5f7a08a83e80869121ef8164b74af9", size = 14101574 },
    { url = "https://files.pythonhosted.org/packages/26/18/49f1e851f4157198c50f67ea3462797283aa36dd4b0c24b15f63e8118481/numpy-2.0.0-cp312-cp312-win32.whl", hash = "sha256:c5a59996dc61835133b56a32ebe4ef3740ea5bc19b3983ac60cc32be5a665d54", size = 6060205 },
    { url = "https://files.pythonhosted.org/packages/ad/9c/4a93b8e395b755c53628573d75d7b21985d9a0f416e978d637084ccc8ec3/numpy-2.0.0-cp312-cp312-win_amd64.whl", hash = "sha256:a356364941fb0593bb899a1076b92dfa2029f6f5b8ba88a14fd0984aaf76d0df", size = 16208660 },
    { url = "https://files.pythonhosted.org/packages/79/56/fb78389e7a1b1d0aa20dd0cbda5110d68f5df77b0a704180f0959b4f8ad1/numpy-2.0.0-cp39-cp39-macosx_10_9_x86_64.whl", hash = "sha256:e61155fae27570692ad1d327e81c6cf27d535a5d7ef97648a17d922224b216de", size = 21219203 },
    { url = "https://files.pythonhosted.org/packages/c6/ae/cc990cc3e9a211365391c193805496e7c7df93854d577e6a03d8a2319a12/numpy-2.0.0-cp39-cp39-macosx_11_0_arm64.whl", hash = "sha256:4554eb96f0fd263041baf16cf0881b3f5dafae7a59b1049acb9540c4d57bc8cb", size = 13281472 },
    { url = "https://files.pythonhosted.org/packages/95/ed/3a23463e2608b54af1fbd3649cd403e81b82993685d2a21006291b879122/numpy-2.0.0-cp39-cp39-macosx_14_0_arm64.whl", hash = "sha256:903703372d46bce88b6920a0cd86c3ad82dae2dbef157b5fc01b70ea1cfc430f", size = 5245754 },
    { url = "https://files.pythonhosted.org/packages/d6/a1/8e8f40820ffe78ea09233b58c0f8719707b738ef36efbdc34377989b7ea5/numpy-2.0.0-cp39-cp39-macosx_14_0_x86_64.whl", hash = "sha256:3e8e01233d57639b2e30966c63d36fcea099d17c53bf424d77f088b0f4babd86", size = 6887414 },
    { url = "https://files.pythonhosted.org/packages/3b/89/abc57eebba1da98f615c7cb5d5b04bc105f00bda34d27048772d1be5a9fb/numpy-2.0.0-cp39-cp39-manylinux_2_17_aarch64.manylinux2014_aarch64.whl", hash = "sha256:1cde1753efe513705a0c6d28f5884e22bdc30438bf0085c5c486cdaff40cd67a", size = 13910703 },
    { url = "https://files.pythonhosted.org/packages/87/d3/74e627205462a170f39e7d7ddd2b4166a0d8ab163377592c7f4fa935cc8c/numpy-2.0.0-cp39-cp39-manylinux_2_17_x86_64.manylinux2014_x86_64.whl", hash = "sha256:821eedb7165ead9eebdb569986968b541f9908979c2da8a4967ecac4439bae3d", size = 19285329 },
    { url = "https://files.pythonhosted.org/packages/c8/2e/14e7d5dd9930993797e95121176acbc3ffc1bb0ccbd2f8f7be36285ebde0/numpy-2.0.0-cp39-cp39-musllinux_1_1_x86_64.whl", hash = "sha256:9a1712c015831da583b21c5bfe15e8684137097969c6d22e8316ba66b5baabe4", size = 19705286 },
    { url = "https://files.pythonhosted.org/packages/82/2d/f89a5cce068cd178c52e9fdc10fc227966d9da0cce368610775e75111d24/numpy-2.0.0-cp39-cp39-musllinux_1_2_aarch64.whl", hash = "sha256:9c27f0946a3536403efb0e1c28def1ae6730a72cd0d5878db38824855e3afc44", size = 14409686 },
    { url = "https://files.pythonhosted.org/packages/51/e7/8ab01e44772d376efd3e1f48df618c0f6ed6aeac5e2242387f0c21a77ff7/numpy-2.0.0-cp39-cp39-win32.whl", hash = "sha256:63b92c512d9dbcc37f9d81b123dec99fdb318ba38c8059afc78086fe73820275", size = 6363194 },
    { url = "https://files.pythonhosted.org/packages/6a/1e/1d76829f03b7ac9c90e2b158f06b69cddf9a06b96667dd7e2d96acdc0593/numpy-2.0.0-cp39-cp39-win_amd64.whl", hash = "sha256:3f6bed7f840d44c08ebdb73b1825282b801799e325bcbdfa6bc5c370e5aecc65", size = 16513565 },
    { url = "https://files.pythonhosted.org/packages/9a/e0/97d246e03f9597e7275dc2f0b24f6845fbb5380ef0fac330cb1b087229f8/numpy-2.0.0-pp39-pypy39_pp73-macosx_10_9_x86_64.whl", hash = "sha256:9416a5c2e92ace094e9f0082c5fd473502c91651fb896bc17690d6fc475128d6", size = 21076646 },
    { url = "https://files.pythonhosted.org/packages/18/66/10c93572d97b410f71ad9b59b20f2a23dcdd871f025bd5376a732b408520/numpy-2.0.0-pp39-pypy39_pp73-macosx_14_0_x86_64.whl", hash = "sha256:17067d097ed036636fa79f6a869ac26df7db1ba22039d962422506640314933a", size = 6743807 },
    { url = "https://files.pythonhosted.org/packages/80/1a/354ad1a6627dbac1d4167591db51ce59ed972064bfb9979f9a37a7782900/numpy-2.0.0-pp39-pypy39_pp73-manylinux_2_17_x86_64.manylinux2014_x86_64.whl", hash = "sha256:38ecb5b0582cd125f67a629072fed6f83562d9dd04d7e03256c9829bdec027ad", size = 19089752 },
    { url = "https://files.pythonhosted.org/packages/5f/9f/fe311331410759da4d441d6d08dd54b80065f4946374e817611f4f9c527f/numpy-2.0.0-pp39-pypy39_pp73-win_amd64.whl", hash = "sha256:cef04d068f5fb0518a77857953193b6bb94809a806bd0a14983a8f12ada060c9", size = 16431128 },
]

[[package]]
name = "opencv-python"
version = "4.11.0.86"
source = { registry = "https://pypi.org/simple" }
dependencies = [
    { name = "numpy" },
]
sdist = { url = "https://files.pythonhosted.org/packages/17/06/68c27a523103dad5837dc5b87e71285280c4f098c60e4fe8a8db6486ab09/opencv-python-4.11.0.86.tar.gz", hash = "sha256:03d60ccae62304860d232272e4a4fda93c39d595780cb40b161b310244b736a4", size = 95171956 }
wheels = [
    { url = "https://files.pythonhosted.org/packages/05/4d/53b30a2a3ac1f75f65a59eb29cf2ee7207ce64867db47036ad61743d5a23/opencv_python-4.11.0.86-cp37-abi3-macosx_13_0_arm64.whl", hash = "sha256:432f67c223f1dc2824f5e73cdfcd9db0efc8710647d4e813012195dc9122a52a", size = 37326322 },
    { url = "https://files.pythonhosted.org/packages/3b/84/0a67490741867eacdfa37bc18df96e08a9d579583b419010d7f3da8ff503/opencv_python-4.11.0.86-cp37-abi3-macosx_13_0_x86_64.whl", hash = "sha256:9d05ef13d23fe97f575153558653e2d6e87103995d54e6a35db3f282fe1f9c66", size = 56723197 },
    { url = "https://files.pythonhosted.org/packages/f3/bd/29c126788da65c1fb2b5fb621b7fed0ed5f9122aa22a0868c5e2c15c6d23/opencv_python-4.11.0.86-cp37-abi3-manylinux_2_17_aarch64.manylinux2014_aarch64.whl", hash = "sha256:1b92ae2c8852208817e6776ba1ea0d6b1e0a1b5431e971a2a0ddd2a8cc398202", size = 42230439 },
    { url = "https://files.pythonhosted.org/packages/2c/8b/90eb44a40476fa0e71e05a0283947cfd74a5d36121a11d926ad6f3193cc4/opencv_python-4.11.0.86-cp37-abi3-manylinux_2_17_x86_64.manylinux2014_x86_64.whl", hash = "sha256:6b02611523803495003bd87362db3e1d2a0454a6a63025dc6658a9830570aa0d", size = 62986597 },
    { url = "https://files.pythonhosted.org/packages/fb/d7/1d5941a9dde095468b288d989ff6539dd69cd429dbf1b9e839013d21b6f0/opencv_python-4.11.0.86-cp37-abi3-win32.whl", hash = "sha256:810549cb2a4aedaa84ad9a1c92fbfdfc14090e2749cedf2c1589ad8359aa169b", size = 29384337 },
    { url = "https://files.pythonhosted.org/packages/a4/7d/f1c30a92854540bf789e9cd5dde7ef49bbe63f855b85a2e6b3db8135c591/opencv_python-4.11.0.86-cp37-abi3-win_amd64.whl", hash = "sha256:085ad9b77c18853ea66283e98affefe2de8cc4c1f43eda4c100cf9b2721142ec", size = 39488044 },
]

[[package]]
name = "pyarrow"
version = "19.0.1"
source = { registry = "https://pypi.org/simple" }
sdist = { url = "https://files.pythonhosted.org/packages/7f/09/a9046344212690f0632b9c709f9bf18506522feb333c894d0de81d62341a/pyarrow-19.0.1.tar.gz", hash = "sha256:3bf266b485df66a400f282ac0b6d1b500b9d2ae73314a153dbe97d6d5cc8a99e", size = 1129437 }
wheels = [
    { url = "https://files.pythonhosted.org/packages/36/01/b23b514d86b839956238d3f8ef206fd2728eee87ff1b8ce150a5678d9721/pyarrow-19.0.1-cp310-cp310-macosx_12_0_arm64.whl", hash = "sha256:fc28912a2dc924dddc2087679cc8b7263accc71b9ff025a1362b004711661a69", size = 30688914 },
    { url = "https://files.pythonhosted.org/packages/c6/68/218ff7cf4a0652a933e5f2ed11274f724dd43b9813cb18dd72c0a35226a2/pyarrow-19.0.1-cp310-cp310-macosx_12_0_x86_64.whl", hash = "sha256:fca15aabbe9b8355800d923cc2e82c8ef514af321e18b437c3d782aa884eaeec", size = 32102866 },
    { url = "https://files.pythonhosted.org/packages/98/01/c295050d183014f4a2eb796d7d2bbfa04b6cccde7258bb68aacf6f18779b/pyarrow-19.0.1-cp310-cp310-manylinux_2_17_aarch64.manylinux2014_aarch64.whl", hash = "sha256:ad76aef7f5f7e4a757fddcdcf010a8290958f09e3470ea458c80d26f4316ae89", size = 41147682 },
    { url = "https://files.pythonhosted.org/packages/40/17/a6c3db0b5f3678f33bbb552d2acbc16def67f89a72955b67b0109af23eb0/pyarrow-19.0.1-cp310-cp310-manylinux_2_17_x86_64.manylinux2014_x86_64.whl", hash = "sha256:d03c9d6f2a3dffbd62671ca070f13fc527bb1867b4ec2b98c7eeed381d4f389a", size = 42179192 },
    { url = "https://files.pythonhosted.org/packages/cf/75/c7c8e599300d8cebb6cb339014800e1c720c9db2a3fcb66aa64ec84bac72/pyarrow-19.0.1-cp310-cp310-manylinux_2_28_aarch64.whl", hash = "sha256:65cf9feebab489b19cdfcfe4aa82f62147218558d8d3f0fc1e9dea0ab8e7905a", size = 40517272 },
    { url = "https://files.pythonhosted.org/packages/ef/c9/68ab123ee1528699c4d5055f645ecd1dd68ff93e4699527249d02f55afeb/pyarrow-19.0.1-cp310-cp310-manylinux_2_28_x86_64.whl", hash = "sha256:41f9706fbe505e0abc10e84bf3a906a1338905cbbcf1177b71486b03e6ea6608", size = 42069036 },
    { url = "https://files.pythonhosted.org/packages/54/e3/d5cfd7654084e6c0d9c3ce949e5d9e0ccad569ae1e2d5a68a3ec03b2be89/pyarrow-19.0.1-cp310-cp310-win_amd64.whl", hash = "sha256:c6cb2335a411b713fdf1e82a752162f72d4a7b5dbc588e32aa18383318b05866", size = 25277951 },
    { url = "https://files.pythonhosted.org/packages/a0/55/f1a8d838ec07fe3ca53edbe76f782df7b9aafd4417080eebf0b42aab0c52/pyarrow-19.0.1-cp311-cp311-macosx_12_0_arm64.whl", hash = "sha256:cc55d71898ea30dc95900297d191377caba257612f384207fe9f8293b5850f90", size = 30713987 },
    { url = "https://files.pythonhosted.org/packages/13/12/428861540bb54c98a140ae858a11f71d041ef9e501e6b7eb965ca7909505/pyarrow-19.0.1-cp311-cp311-macosx_12_0_x86_64.whl", hash = "sha256:7a544ec12de66769612b2d6988c36adc96fb9767ecc8ee0a4d270b10b1c51e00", size = 32135613 },
    { url = "https://files.pythonhosted.org/packages/2f/8a/23d7cc5ae2066c6c736bce1db8ea7bc9ac3ef97ac7e1c1667706c764d2d9/pyarrow-19.0.1-cp311-cp311-manylinux_2_17_aarch64.manylinux2014_aarch64.whl", hash = "sha256:0148bb4fc158bfbc3d6dfe5001d93ebeed253793fff4435167f6ce1dc4bddeae", size = 41149147 },
    { url = "https://files.pythonhosted.org/packages/a2/7a/845d151bb81a892dfb368bf11db584cf8b216963ccce40a5cf50a2492a18/pyarrow-19.0.1-cp311-cp311-manylinux_2_17_x86_64.manylinux2014_x86_64.whl", hash = "sha256:f24faab6ed18f216a37870d8c5623f9c044566d75ec586ef884e13a02a9d62c5", size = 42178045 },
    { url = "https://files.pythonhosted.org/packages/a7/31/e7282d79a70816132cf6cae7e378adfccce9ae10352d21c2fecf9d9756dd/pyarrow-19.0.1-cp311-cp311-manylinux_2_28_aarch64.whl", hash = "sha256:4982f8e2b7afd6dae8608d70ba5bd91699077323f812a0448d8b7abdff6cb5d3", size = 40532998 },
    { url = "https://files.pythonhosted.org/packages/b8/82/20f3c290d6e705e2ee9c1fa1d5a0869365ee477e1788073d8b548da8b64c/pyarrow-19.0.1-cp311-cp311-manylinux_2_28_x86_64.whl", hash = "sha256:49a3aecb62c1be1d822f8bf629226d4a96418228a42f5b40835c1f10d42e4db6", size = 42084055 },
    { url = "https://files.pythonhosted.org/packages/ff/77/e62aebd343238863f2c9f080ad2ef6ace25c919c6ab383436b5b81cbeef7/pyarrow-19.0.1-cp311-cp311-win_amd64.whl", hash = "sha256:008a4009efdb4ea3d2e18f05cd31f9d43c388aad29c636112c2966605ba33466", size = 25283133 },
    { url = "https://files.pythonhosted.org/packages/78/b4/94e828704b050e723f67d67c3535cf7076c7432cd4cf046e4bb3b96a9c9d/pyarrow-19.0.1-cp312-cp312-macosx_12_0_arm64.whl", hash = "sha256:80b2ad2b193e7d19e81008a96e313fbd53157945c7be9ac65f44f8937a55427b", size = 30670749 },
    { url = "https://files.pythonhosted.org/packages/7e/3b/4692965e04bb1df55e2c314c4296f1eb12b4f3052d4cf43d29e076aedf66/pyarrow-19.0.1-cp312-cp312-macosx_12_0_x86_64.whl", hash = "sha256:ee8dec072569f43835932a3b10c55973593abc00936c202707a4ad06af7cb294", size = 32128007 },
    { url = "https://files.pythonhosted.org/packages/22/f7/2239af706252c6582a5635c35caa17cb4d401cd74a87821ef702e3888957/pyarrow-19.0.1-cp312-cp312-manylinux_2_17_aarch64.manylinux2014_aarch64.whl", hash = "sha256:4d5d1ec7ec5324b98887bdc006f4d2ce534e10e60f7ad995e7875ffa0ff9cb14", size = 41144566 },
    { url = "https://files.pythonhosted.org/packages/fb/e3/c9661b2b2849cfefddd9fd65b64e093594b231b472de08ff658f76c732b2/pyarrow-19.0.1-cp312-cp312-manylinux_2_17_x86_64.manylinux2014_x86_64.whl", hash = "sha256:f3ad4c0eb4e2a9aeb990af6c09e6fa0b195c8c0e7b272ecc8d4d2b6574809d34", size = 42202991 },
    { url = "https://files.pythonhosted.org/packages/fe/4f/a2c0ed309167ef436674782dfee4a124570ba64299c551e38d3fdaf0a17b/pyarrow-19.0.1-cp312-cp312-manylinux_2_28_aarch64.whl", hash = "sha256:d383591f3dcbe545f6cc62daaef9c7cdfe0dff0fb9e1c8121101cabe9098cfa6", size = 40507986 },
    { url = "https://files.pythonhosted.org/packages/27/2e/29bb28a7102a6f71026a9d70d1d61df926887e36ec797f2e6acfd2dd3867/pyarrow-19.0.1-cp312-cp312-manylinux_2_28_x86_64.whl", hash = "sha256:b4c4156a625f1e35d6c0b2132635a237708944eb41df5fbe7d50f20d20c17832", size = 42087026 },
    { url = "https://files.pythonhosted.org/packages/16/33/2a67c0f783251106aeeee516f4806161e7b481f7d744d0d643d2f30230a5/pyarrow-19.0.1-cp312-cp312-win_amd64.whl", hash = "sha256:5bd1618ae5e5476b7654c7b55a6364ae87686d4724538c24185bbb2952679960", size = 25250108 },
    { url = "https://files.pythonhosted.org/packages/2b/8d/275c58d4b00781bd36579501a259eacc5c6dfb369be4ddeb672ceb551d2d/pyarrow-19.0.1-cp313-cp313-macosx_12_0_arm64.whl", hash = "sha256:e45274b20e524ae5c39d7fc1ca2aa923aab494776d2d4b316b49ec7572ca324c", size = 30653552 },
    { url = "https://files.pythonhosted.org/packages/a0/9e/e6aca5cc4ef0c7aec5f8db93feb0bde08dbad8c56b9014216205d271101b/pyarrow-19.0.1-cp313-cp313-macosx_12_0_x86_64.whl", hash = "sha256:d9dedeaf19097a143ed6da37f04f4051aba353c95ef507764d344229b2b740ae", size = 32103413 },
    { url = "https://files.pythonhosted.org/packages/6a/fa/a7033f66e5d4f1308c7eb0dfcd2ccd70f881724eb6fd1776657fdf65458f/pyarrow-19.0.1-cp313-cp313-manylinux_2_17_aarch64.manylinux2014_aarch64.whl", hash = "sha256:6ebfb5171bb5f4a52319344ebbbecc731af3f021e49318c74f33d520d31ae0c4", size = 41134869 },
    { url = "https://files.pythonhosted.org/packages/2d/92/34d2569be8e7abdc9d145c98dc410db0071ac579b92ebc30da35f500d630/pyarrow-19.0.1-cp313-cp313-manylinux_2_17_x86_64.manylinux2014_x86_64.whl", hash = "sha256:f2a21d39fbdb948857f67eacb5bbaaf36802de044ec36fbef7a1c8f0dd3a4ab2", size = 42192626 },
    { url = "https://files.pythonhosted.org/packages/0a/1f/80c617b1084fc833804dc3309aa9d8daacd46f9ec8d736df733f15aebe2c/pyarrow-19.0.1-cp313-cp313-manylinux_2_28_aarch64.whl", hash = "sha256:99bc1bec6d234359743b01e70d4310d0ab240c3d6b0da7e2a93663b0158616f6", size = 40496708 },
    { url = "https://files.pythonhosted.org/packages/e6/90/83698fcecf939a611c8d9a78e38e7fed7792dcc4317e29e72cf8135526fb/pyarrow-19.0.1-cp313-cp313-manylinux_2_28_x86_64.whl", hash = "sha256:1b93ef2c93e77c442c979b0d596af45e4665d8b96da598db145b0fec014b9136", size = 42075728 },
    { url = "https://files.pythonhosted.org/packages/40/49/2325f5c9e7a1c125c01ba0c509d400b152c972a47958768e4e35e04d13d8/pyarrow-19.0.1-cp313-cp313-win_amd64.whl", hash = "sha256:d9d46e06846a41ba906ab25302cf0fd522f81aa2a85a71021826f34639ad31ef", size = 25242568 },
    { url = "https://files.pythonhosted.org/packages/3f/72/135088d995a759d4d916ec4824cb19e066585b4909ebad4ab196177aa825/pyarrow-19.0.1-cp313-cp313t-macosx_12_0_arm64.whl", hash = "sha256:c0fe3dbbf054a00d1f162fda94ce236a899ca01123a798c561ba307ca38af5f0", size = 30702371 },
    { url = "https://files.pythonhosted.org/packages/2e/01/00beeebd33d6bac701f20816a29d2018eba463616bbc07397fdf99ac4ce3/pyarrow-19.0.1-cp313-cp313t-macosx_12_0_x86_64.whl", hash = "sha256:96606c3ba57944d128e8a8399da4812f56c7f61de8c647e3470b417f795d0ef9", size = 32116046 },
    { url = "https://files.pythonhosted.org/packages/1f/c9/23b1ea718dfe967cbd986d16cf2a31fe59d015874258baae16d7ea0ccabc/pyarrow-19.0.1-cp313-cp313t-manylinux_2_17_aarch64.manylinux2014_aarch64.whl", hash = "sha256:8f04d49a6b64cf24719c080b3c2029a3a5b16417fd5fd7c4041f94233af732f3", size = 41091183 },
    { url = "https://files.pythonhosted.org/packages/3a/d4/b4a3aa781a2c715520aa8ab4fe2e7fa49d33a1d4e71c8fc6ab7b5de7a3f8/pyarrow-19.0.1-cp313-cp313t-manylinux_2_17_x86_64.manylinux2014_x86_64.whl", hash = "sha256:5a9137cf7e1640dce4c190551ee69d478f7121b5c6f323553b319cac936395f6", size = 42171896 },
    { url = "https://files.pythonhosted.org/packages/23/1b/716d4cd5a3cbc387c6e6745d2704c4b46654ba2668260d25c402626c5ddb/pyarrow-19.0.1-cp313-cp313t-manylinux_2_28_aarch64.whl", hash = "sha256:7c1bca1897c28013db5e4c83944a2ab53231f541b9e0c3f4791206d0c0de389a", size = 40464851 },
    { url = "https://files.pythonhosted.org/packages/ed/bd/54907846383dcc7ee28772d7e646f6c34276a17da740002a5cefe90f04f7/pyarrow-19.0.1-cp313-cp313t-manylinux_2_28_x86_64.whl", hash = "sha256:58d9397b2e273ef76264b45531e9d552d8ec8a6688b7390b5be44c02a37aade8", size = 42085744 },
    { url = "https://files.pythonhosted.org/packages/16/26/0ec396ebe98adefaffc0fff8e0dc14c8912e61093226284cf4b76faffd22/pyarrow-19.0.1-cp39-cp39-macosx_12_0_arm64.whl", hash = "sha256:b9766a47a9cb56fefe95cb27f535038b5a195707a08bf61b180e642324963b46", size = 30701112 },
    { url = "https://files.pythonhosted.org/packages/ba/10/c35d96686bf7f13e55bb87f06fe06e7d95533c271ef7f9a5a76e26b16fc2/pyarrow-19.0.1-cp39-cp39-macosx_12_0_x86_64.whl", hash = "sha256:6c5941c1aac89a6c2f2b16cd64fe76bcdb94b2b1e99ca6459de4e6f07638d755", size = 32117180 },
    { url = "https://files.pythonhosted.org/packages/8c/0d/81881a55302b6847ea2ea187517faa039c219d80b55050904e354c2eddde/pyarrow-19.0.1-cp39-cp39-manylinux_2_17_aarch64.manylinux2014_aarch64.whl", hash = "sha256:fd44d66093a239358d07c42a91eebf5015aa54fccba959db899f932218ac9cc8", size = 41161334 },
    { url = "https://files.pythonhosted.org/packages/af/17/ea60a07ec6f6bb0740f11715e0d22ab8fdfcc94bc729832321f498370d75/pyarrow-19.0.1-cp39-cp39-manylinux_2_17_x86_64.manylinux2014_x86_64.whl", hash = "sha256:335d170e050bcc7da867a1ed8ffb8b44c57aaa6e0843b156a501298657b1e972", size = 42190375 },
    { url = "https://files.pythonhosted.org/packages/f2/87/4ef05a088b18082cde4950bdfca752dd31effb3ec201b8026e4816d0f3fa/pyarrow-19.0.1-cp39-cp39-manylinux_2_28_aarch64.whl", hash = "sha256:1c7556165bd38cf0cd992df2636f8bcdd2d4b26916c6b7e646101aff3c16f76f", size = 40530649 },
    { url = "https://files.pythonhosted.org/packages/59/1e/9fb9a66a64eae4ff332a8f149d803d8c6c556714803d20d54ed2e9524a3b/pyarrow-19.0.1-cp39-cp39-manylinux_2_28_x86_64.whl", hash = "sha256:699799f9c80bebcf1da0983ba86d7f289c5a2a5c04b945e2f2bcf7e874a91911", size = 42081576 },
    { url = "https://files.pythonhosted.org/packages/1b/ee/c110d8da8bdde8e832ccf1ff90be747cb684874e2dc8acf26840058b0c32/pyarrow-19.0.1-cp39-cp39-win_amd64.whl", hash = "sha256:8464c9fbe6d94a7fe1599e7e8965f350fd233532868232ab2596a71586c5a429", size = 25465593 },
]

[[package]]
name = "pyee"
version = "12.1.1"
source = { registry = "https://pypi.org/simple" }
dependencies = [
    { name = "typing-extensions" },
]
sdist = { url = "https://files.pythonhosted.org/packages/0a/37/8fb6e653597b2b67ef552ed49b438d5398ba3b85a9453f8ada0fd77d455c/pyee-12.1.1.tar.gz", hash = "sha256:bbc33c09e2ff827f74191e3e5bbc6be7da02f627b7ec30d86f5ce1a6fb2424a3", size = 30915 }
wheels = [
    { url = "https://files.pythonhosted.org/packages/25/68/7e150cba9eeffdeb3c5cecdb6896d70c8edd46ce41c0491e12fb2b2256ff/pyee-12.1.1-py3-none-any.whl", hash = "sha256:18a19c650556bb6b32b406d7f017c8f513aceed1ef7ca618fb65de7bd2d347ef", size = 15527 },
]

[[package]]
name = "python-ffmpeg"
version = "2.0.12"
source = { registry = "https://pypi.org/simple" }
dependencies = [
    { name = "pyee" },
    { name = "typing-extensions" },
]
sdist = { url = "https://files.pythonhosted.org/packages/dd/4d/7ecffb341d646e016be76e36f5a42cb32f409c9ca21a57b68f067fad3fc7/python_ffmpeg-2.0.12.tar.gz", hash = "sha256:19ac80af5a064a2f53c245af1a909b2d7648ea045500d96d3bcd507b88d43dc7", size = 14126292 }
wheels = [
    { url = "https://files.pythonhosted.org/packages/7f/6d/02e817aec661defe148cb9eb0c4eca2444846305f625c2243fb9f92a9045/python_ffmpeg-2.0.12-py3-none-any.whl", hash = "sha256:d86697da8dfb39335183e336d31baf42fb217468adf5ac97fd743898240faae3", size = 14411 },
]

[[package]]
name = "typing-extensions"
version = "4.12.2"
source = { registry = "https://pypi.org/simple" }
sdist = { url = "https://files.pythonhosted.org/packages/df/db/f35a00659bc03fec321ba8bce9420de607a1d37f8342eee1863174c69557/typing_extensions-4.12.2.tar.gz", hash = "sha256:1a7ead55c7e559dd4dee8856e3a88b41225abfe1ce8df57b7c13915fe121ffb8", size = 85321 }
wheels = [
    { url = "https://files.pythonhosted.org/packages/26/9f/ad63fc0248c5379346306f8668cda6e2e2e9c95e01216d2b8ffd9ff037d0/typing_extensions-4.12.2-py3-none-any.whl", hash = "sha256:04e5ca0351e0f3f85c6853954072df659d0d13fac324d0072316b67d7794700d", size = 37438 },
]

[[package]]
name = "video-encoder"
version = "0.1"
source = { editable = "." }
dependencies = [
    { name = "dora-rs" },
    { name = "numpy" },
    { name = "opencv-python" },
    { name = "python-ffmpeg" },
]

[package.metadata]
requires-dist = [
    { name = "dora-rs", specifier = "==0.3.5" },
    { name = "numpy", specifier = "<=2.0.0" },
    { name = "opencv-python", specifier = ">=4.1.1" },
    { name = "python-ffmpeg", specifier = "~=2.0.12" },
]
