version = 1
revision = 1
requires-python = ">=3.9"

[[package]]
name = "dora-rs"
version = "0.3.10"
source = { registry = "https://pypi.org/simple" }
dependencies = [
    { name = "pyarrow" },
]
sdist = { url = "https://files.pythonhosted.org/packages/1a/74/1ea9e9e664af86d4ccc1494398e42f725cbd124e75bc69903a7d8b47b968/dora_rs-0.3.10.tar.gz", hash = "sha256:01a4a50ef08a00c4feca042b1fb4c55974b6d9e75d3f3c814e49db9b8c2ffa34", size = 227544 }
wheels = [
    { url = "https://files.pythonhosted.org/packages/7a/f9/38d68c7b038a62d28ff3298b65501675cc2189bee0f290bd7834014c2ada/dora_rs-0.3.10-cp37-abi3-macosx_10_12_x86_64.whl", hash = "sha256:d3c2fea5e704dabc81b9ab8f392d3a78d588f0674c588fd6fb307e10ad62637f", size = 7166552 },
    { url = "https://files.pythonhosted.org/packages/de/44/19b7fd3f3909d3953c71a6008b5c54c15599fe3523c9736e5537aec7aff1/dora_rs-0.3.10-cp37-abi3-macosx_11_0_arm64.whl", hash = "sha256:46e3fdc8c6cdf7717e248f82ced762ab8d292b3b6d146bc67081edf8c3c0cf34", size = 6878093 },
    { url = "https://files.pythonhosted.org/packages/3d/6b/2667a0fa14924ceea65b54b4e1533e9863d358393380435086877091905d/dora_rs-0.3.10-cp37-abi3-manylinux_2_28_aarch64.whl", hash = "sha256:0e52da272e626567995f64f3dd813831bb8eed802fed2062b271c0f62ece3572", size = 6274434 },
    { url = "https://files.pythonhosted.org/packages/f1/bf/45e99a29cd916dcef5215e6a460a463cc4a6379b2e2356b48f43c2af2446/dora_rs-0.3.10-cp37-abi3-manylinux_2_28_armv7l.whl", hash = "sha256:d87e1051f786528c808126d82f347c2864c74ee56c1d7089db724a760578fcee", size = 5798894 },
    { url = "https://files.pythonhosted.org/packages/04/30/e313d86238b5d44822e50f1735cdb6ed12afee962431072c3c0a03c1d1dc/dora_rs-0.3.10-cp37-abi3-manylinux_2_28_i686.whl", hash = "sha256:43a9ae0eee459f4f2216c6dbc0c4e9e23eebc34b8c85fe6db59b6493958c8b13", size = 7091431 },
    { url = "https://files.pythonhosted.org/packages/c1/70/18cc6e9771c75cededab5260673e54ac23e18cd2fed6d01549829b92fb51/dora_rs-0.3.10-cp37-abi3-manylinux_2_28_x86_64.whl", hash = "sha256:6025816ea28898184208589a6cb95fa3b230eb8710e9b09fd214f7698cdebdb4", size = 6700190 },
    { url = "https://files.pythonhosted.org/packages/18/c5/b11bcfd200d0099ba63877ff4d9fd08d088a040437b8348a17dc8218da02/dora_rs-0.3.10-cp37-abi3-musllinux_1_2_aarch64.whl", hash = "sha256:f0c8e6dd47acfbae3e0b61b51b80ac0ee7c837ed85c8ee6e3fa8560ddff3e257", size = 8248667 },
    { url = "https://files.pythonhosted.org/packages/ef/44/4616f7204e99d2db031c65bc79dd8e51240e542ac6c8e586a440c6341e46/dora_rs-0.3.10-cp37-abi3-musllinux_1_2_armv7l.whl", hash = "sha256:1e2eeffd8ade2de767c1fae73a93c83e1825c6f8565bd7476aa18055891e7df6", size = 7907263 },
    { url = "https://files.pythonhosted.org/packages/b9/93/aef1a287abe21a01a39945bf071c1e27fd0390c946916a41a83c8dbfcd49/dora_rs-0.3.10-cp37-abi3-musllinux_1_2_i686.whl", hash = "sha256:2ebd2266c1dbdfc5f37095628359fa8c04cfe729f65e1ba48ae01de198cd1670", size = 8144157 },
    { url = "https://files.pythonhosted.org/packages/ef/55/57b2b04de62d7a065fb587d85f465293f41ba540ef0378cfdfc8a98fccfd/dora_rs-0.3.10-cp37-abi3-musllinux_1_2_x86_64.whl", hash = "sha256:2799aea52f5ef4dd0d8be41b1d02883fcce48f874bbccac73369145cebf5fdff", size = 8316841 },
    { url = "https://files.pythonhosted.org/packages/93/93/03aab6dd910cfa547e0c1fa44a17ad1e2d7f05046c284b74495fc19e7c52/dora_rs-0.3.10-cp37-abi3-win_amd64.whl", hash = "sha256:ab3c27430e87a06e57f5e6d7345b8929575faff799b120a2fa076c60d57cbd4e", size = 6290185 },
]

[[package]]
name = "lebai-client"
version = "0.1"
source = { editable = "." }
dependencies = [
    { name = "dora-rs" },
    { name = "lebai-sdk" },
]

[package.metadata]
requires-dist = [
    { name = "dora-rs", specifier = ">=0.3.6rc0" },
    { name = "lebai-sdk", specifier = ">=0.2.17" },
]

[[package]]
name = "lebai-sdk"
version = "0.2.23"
source = { registry = "https://pypi.org/simple" }
wheels = [
    { url = "https://files.pythonhosted.org/packages/a0/e0/bce4d982c4376b25d7fc5a65982e4231f9ede432cf65d1bb50e27e0c8ada/lebai_sdk-0.2.23-cp37-abi3-macosx_10_12_x86_64.whl", hash = "sha256:3b3eaa69e0b37ba8ea04f7009386fa76e1699c9b1a3cba00b273268bf9dec23b", size = 2928420 },
    { url = "https://files.pythonhosted.org/packages/8f/b0/62e4618e47c22c2fd2976881776d3a5db29c911d6632b9ed997df70d6ddd/lebai_sdk-0.2.23-cp37-abi3-macosx_11_0_arm64.whl", hash = "sha256:bb0d2894e2999bfe2a438c91d4f2239dfdb9e79dd5ada414e6207bc68743dcd9", size = 2885559 },
    { url = "https://files.pythonhosted.org/packages/c7/dc/687b0c1ad645f52b1a80a8719ce4b75857ed1746e14aaa6ca07119074c9f/lebai_sdk-0.2.23-cp37-abi3-manylinux_2_17_aarch64.manylinux2014_aarch64.whl", hash = "sha256:c33721d9ae0091f174e80985da7c35a480498c48738e37b0ded8710f56083a61", size = 3123864 },
    { url = "https://files.pythonhosted.org/packages/c4/d3/ee0fc10bf7787c9a7f01472a0f6b56fff316db0d4f58eeb52868d90aac68/lebai_sdk-0.2.23-cp37-abi3-manylinux_2_17_armv7l.manylinux2014_armv7l.whl", hash = "sha256:1ddff4cb60a434a3ba1ac520c3efe9f2016bb2c76a4850134f86b1ed8b04ae9f", size = 3090816 },
    { url = "https://files.pythonhosted.org/packages/54/c5/566ff9b06135d49482aabce60529ce7dcdb65bcebdb95b1a2d14274eeea3/lebai_sdk-0.2.23-cp37-abi3-manylinux_2_17_x86_64.manylinux2014_x86_64.whl", hash = "sha256:34f536e890f92fc42da7f193116e912fc39c85ab94b7fae84f35594afd8cd0f2", size = 3113830 },
    { url = "https://files.pythonhosted.org/packages/03/8d/728852d19ed0f2bc012edc59395ee79c30ba003fd7d48b76860564f43f63/lebai_sdk-0.2.23-cp37-abi3-win_amd64.whl", hash = "sha256:932916aa42f576c8ccebaca59b313955cd088212afd9413130458df2e6876a4c", size = 2747699 },
]

[[package]]
name = "pyarrow"
version = "19.0.1"
source = { registry = "https://pypi.org/simple" }
sdist = { url = "https://files.pythonhosted.org/packages/7f/09/a9046344212690f0632b9c709f9bf18506522feb333c894d0de81d62341a/pyarrow-19.0.1.tar.gz", hash = "sha256:3bf266b485df66a400f282ac0b6d1b500b9d2ae73314a153dbe97d6d5cc8a99e", size = 1129437 }
wheels = [
    { url = "https://files.pythonhosted.org/packages/36/01/b23b514d86b839956238d3f8ef206fd2728eee87ff1b8ce150a5678d9721/pyarrow-19.0.1-cp310-cp310-macosx_12_0_arm64.whl", hash = "sha256:fc28912a2dc924dddc2087679cc8b7263accc71b9ff025a1362b004711661a69", size = 30688914 },
    { url = "https://files.pythonhosted.org/packages/c6/68/218ff7cf4a0652a933e5f2ed11274f724dd43b9813cb18dd72c0a35226a2/pyarrow-19.0.1-cp310-cp310-macosx_12_0_x86_64.whl", hash = "sha256:fca15aabbe9b8355800d923cc2e82c8ef514af321e18b437c3d782aa884eaeec", size = 32102866 },
    { url = "https://files.pythonhosted.org/packages/98/01/c295050d183014f4a2eb796d7d2bbfa04b6cccde7258bb68aacf6f18779b/pyarrow-19.0.1-cp310-cp310-manylinux_2_17_aarch64.manylinux2014_aarch64.whl", hash = "sha256:ad76aef7f5f7e4a757fddcdcf010a8290958f09e3470ea458c80d26f4316ae89", size = 41147682 },
    { url = "https://files.pythonhosted.org/packages/40/17/a6c3db0b5f3678f33bbb552d2acbc16def67f89a72955b67b0109af23eb0/pyarrow-19.0.1-cp310-cp310-manylinux_2_17_x86_64.manylinux2014_x86_64.whl", hash = "sha256:d03c9d6f2a3dffbd62671ca070f13fc527bb1867b4ec2b98c7eeed381d4f389a", size = 42179192 },
    { url = "https://files.pythonhosted.org/packages/cf/75/c7c8e599300d8cebb6cb339014800e1c720c9db2a3fcb66aa64ec84bac72/pyarrow-19.0.1-cp310-cp310-manylinux_2_28_aarch64.whl", hash = "sha256:65cf9feebab489b19cdfcfe4aa82f62147218558d8d3f0fc1e9dea0ab8e7905a", size = 40517272 },
    { url = "https://files.pythonhosted.org/packages/ef/c9/68ab123ee1528699c4d5055f645ecd1dd68ff93e4699527249d02f55afeb/pyarrow-19.0.1-cp310-cp310-manylinux_2_28_x86_64.whl", hash = "sha256:41f9706fbe505e0abc10e84bf3a906a1338905cbbcf1177b71486b03e6ea6608", size = 42069036 },
    { url = "https://files.pythonhosted.org/packages/54/e3/d5cfd7654084e6c0d9c3ce949e5d9e0ccad569ae1e2d5a68a3ec03b2be89/pyarrow-19.0.1-cp310-cp310-win_amd64.whl", hash = "sha256:c6cb2335a411b713fdf1e82a752162f72d4a7b5dbc588e32aa18383318b05866", size = 25277951 },
    { url = "https://files.pythonhosted.org/packages/a0/55/f1a8d838ec07fe3ca53edbe76f782df7b9aafd4417080eebf0b42aab0c52/pyarrow-19.0.1-cp311-cp311-macosx_12_0_arm64.whl", hash = "sha256:cc55d71898ea30dc95900297d191377caba257612f384207fe9f8293b5850f90", size = 30713987 },
    { url = "https://files.pythonhosted.org/packages/13/12/428861540bb54c98a140ae858a11f71d041ef9e501e6b7eb965ca7909505/pyarrow-19.0.1-cp311-cp311-macosx_12_0_x86_64.whl", hash = "sha256:7a544ec12de66769612b2d6988c36adc96fb9767ecc8ee0a4d270b10b1c51e00", size = 32135613 },
    { url = "https://files.pythonhosted.org/packages/2f/8a/23d7cc5ae2066c6c736bce1db8ea7bc9ac3ef97ac7e1c1667706c764d2d9/pyarrow-19.0.1-cp311-cp311-manylinux_2_17_aarch64.manylinux2014_aarch64.whl", hash = "sha256:0148bb4fc158bfbc3d6dfe5001d93ebeed253793fff4435167f6ce1dc4bddeae", size = 41149147 },
    { url = "https://files.pythonhosted.org/packages/a2/7a/845d151bb81a892dfb368bf11db584cf8b216963ccce40a5cf50a2492a18/pyarrow-19.0.1-cp311-cp311-manylinux_2_17_x86_64.manylinux2014_x86_64.whl", hash = "sha256:f24faab6ed18f216a37870d8c5623f9c044566d75ec586ef884e13a02a9d62c5", size = 42178045 },
    { url = "https://files.pythonhosted.org/packages/a7/31/e7282d79a70816132cf6cae7e378adfccce9ae10352d21c2fecf9d9756dd/pyarrow-19.0.1-cp311-cp311-manylinux_2_28_aarch64.whl", hash = "sha256:4982f8e2b7afd6dae8608d70ba5bd91699077323f812a0448d8b7abdff6cb5d3", size = 40532998 },
    { url = "https://files.pythonhosted.org/packages/b8/82/20f3c290d6e705e2ee9c1fa1d5a0869365ee477e1788073d8b548da8b64c/pyarrow-19.0.1-cp311-cp311-manylinux_2_28_x86_64.whl", hash = "sha256:49a3aecb62c1be1d822f8bf629226d4a96418228a42f5b40835c1f10d42e4db6", size = 42084055 },
    { url = "https://files.pythonhosted.org/packages/ff/77/e62aebd343238863f2c9f080ad2ef6ace25c919c6ab383436b5b81cbeef7/pyarrow-19.0.1-cp311-cp311-win_amd64.whl", hash = "sha256:008a4009efdb4ea3d2e18f05cd31f9d43c388aad29c636112c2966605ba33466", size = 25283133 },
    { url = "https://files.pythonhosted.org/packages/78/b4/94e828704b050e723f67d67c3535cf7076c7432cd4cf046e4bb3b96a9c9d/pyarrow-19.0.1-cp312-cp312-macosx_12_0_arm64.whl", hash = "sha256:80b2ad2b193e7d19e81008a96e313fbd53157945c7be9ac65f44f8937a55427b", size = 30670749 },
    { url = "https://files.pythonhosted.org/packages/7e/3b/4692965e04bb1df55e2c314c4296f1eb12b4f3052d4cf43d29e076aedf66/pyarrow-19.0.1-cp312-cp312-macosx_12_0_x86_64.whl", hash = "sha256:ee8dec072569f43835932a3b10c55973593abc00936c202707a4ad06af7cb294", size = 32128007 },
    { url = "https://files.pythonhosted.org/packages/22/f7/2239af706252c6582a5635c35caa17cb4d401cd74a87821ef702e3888957/pyarrow-19.0.1-cp312-cp312-manylinux_2_17_aarch64.manylinux2014_aarch64.whl", hash = "sha256:4d5d1ec7ec5324b98887bdc006f4d2ce534e10e60f7ad995e7875ffa0ff9cb14", size = 41144566 },
    { url = "https://files.pythonhosted.org/packages/fb/e3/c9661b2b2849cfefddd9fd65b64e093594b231b472de08ff658f76c732b2/pyarrow-19.0.1-cp312-cp312-manylinux_2_17_x86_64.manylinux2014_x86_64.whl", hash = "sha256:f3ad4c0eb4e2a9aeb990af6c09e6fa0b195c8c0e7b272ecc8d4d2b6574809d34", size = 42202991 },
    { url = "https://files.pythonhosted.org/packages/fe/4f/a2c0ed309167ef436674782dfee4a124570ba64299c551e38d3fdaf0a17b/pyarrow-19.0.1-cp312-cp312-manylinux_2_28_aarch64.whl", hash = "sha256:d383591f3dcbe545f6cc62daaef9c7cdfe0dff0fb9e1c8121101cabe9098cfa6", size = 40507986 },
    { url = "https://files.pythonhosted.org/packages/27/2e/29bb28a7102a6f71026a9d70d1d61df926887e36ec797f2e6acfd2dd3867/pyarrow-19.0.1-cp312-cp312-manylinux_2_28_x86_64.whl", hash = "sha256:b4c4156a625f1e35d6c0b2132635a237708944eb41df5fbe7d50f20d20c17832", size = 42087026 },
    { url = "https://files.pythonhosted.org/packages/16/33/2a67c0f783251106aeeee516f4806161e7b481f7d744d0d643d2f30230a5/pyarrow-19.0.1-cp312-cp312-win_amd64.whl", hash = "sha256:5bd1618ae5e5476b7654c7b55a6364ae87686d4724538c24185bbb2952679960", size = 25250108 },
    { url = "https://files.pythonhosted.org/packages/2b/8d/275c58d4b00781bd36579501a259eacc5c6dfb369be4ddeb672ceb551d2d/pyarrow-19.0.1-cp313-cp313-macosx_12_0_arm64.whl", hash = "sha256:e45274b20e524ae5c39d7fc1ca2aa923aab494776d2d4b316b49ec7572ca324c", size = 30653552 },
    { url = "https://files.pythonhosted.org/packages/a0/9e/e6aca5cc4ef0c7aec5f8db93feb0bde08dbad8c56b9014216205d271101b/pyarrow-19.0.1-cp313-cp313-macosx_12_0_x86_64.whl", hash = "sha256:d9dedeaf19097a143ed6da37f04f4051aba353c95ef507764d344229b2b740ae", size = 32103413 },
    { url = "https://files.pythonhosted.org/packages/6a/fa/a7033f66e5d4f1308c7eb0dfcd2ccd70f881724eb6fd1776657fdf65458f/pyarrow-19.0.1-cp313-cp313-manylinux_2_17_aarch64.manylinux2014_aarch64.whl", hash = "sha256:6ebfb5171bb5f4a52319344ebbbecc731af3f021e49318c74f33d520d31ae0c4", size = 41134869 },
    { url = "https://files.pythonhosted.org/packages/2d/92/34d2569be8e7abdc9d145c98dc410db0071ac579b92ebc30da35f500d630/pyarrow-19.0.1-cp313-cp313-manylinux_2_17_x86_64.manylinux2014_x86_64.whl", hash = "sha256:f2a21d39fbdb948857f67eacb5bbaaf36802de044ec36fbef7a1c8f0dd3a4ab2", size = 42192626 },
    { url = "https://files.pythonhosted.org/packages/0a/1f/80c617b1084fc833804dc3309aa9d8daacd46f9ec8d736df733f15aebe2c/pyarrow-19.0.1-cp313-cp313-manylinux_2_28_aarch64.whl", hash = "sha256:99bc1bec6d234359743b01e70d4310d0ab240c3d6b0da7e2a93663b0158616f6", size = 40496708 },
    { url = "https://files.pythonhosted.org/packages/e6/90/83698fcecf939a611c8d9a78e38e7fed7792dcc4317e29e72cf8135526fb/pyarrow-19.0.1-cp313-cp313-manylinux_2_28_x86_64.whl", hash = "sha256:1b93ef2c93e77c442c979b0d596af45e4665d8b96da598db145b0fec014b9136", size = 42075728 },
    { url = "https://files.pythonhosted.org/packages/40/49/2325f5c9e7a1c125c01ba0c509d400b152c972a47958768e4e35e04d13d8/pyarrow-19.0.1-cp313-cp313-win_amd64.whl", hash = "sha256:d9d46e06846a41ba906ab25302cf0fd522f81aa2a85a71021826f34639ad31ef", size = 25242568 },
    { url = "https://files.pythonhosted.org/packages/3f/72/135088d995a759d4d916ec4824cb19e066585b4909ebad4ab196177aa825/pyarrow-19.0.1-cp313-cp313t-macosx_12_0_arm64.whl", hash = "sha256:c0fe3dbbf054a00d1f162fda94ce236a899ca01123a798c561ba307ca38af5f0", size = 30702371 },
    { url = "https://files.pythonhosted.org/packages/2e/01/00beeebd33d6bac701f20816a29d2018eba463616bbc07397fdf99ac4ce3/pyarrow-19.0.1-cp313-cp313t-macosx_12_0_x86_64.whl", hash = "sha256:96606c3ba57944d128e8a8399da4812f56c7f61de8c647e3470b417f795d0ef9", size = 32116046 },
    { url = "https://files.pythonhosted.org/packages/1f/c9/23b1ea718dfe967cbd986d16cf2a31fe59d015874258baae16d7ea0ccabc/pyarrow-19.0.1-cp313-cp313t-manylinux_2_17_aarch64.manylinux2014_aarch64.whl", hash = "sha256:8f04d49a6b64cf24719c080b3c2029a3a5b16417fd5fd7c4041f94233af732f3", size = 41091183 },
    { url = "https://files.pythonhosted.org/packages/3a/d4/b4a3aa781a2c715520aa8ab4fe2e7fa49d33a1d4e71c8fc6ab7b5de7a3f8/pyarrow-19.0.1-cp313-cp313t-manylinux_2_17_x86_64.manylinux2014_x86_64.whl", hash = "sha256:5a9137cf7e1640dce4c190551ee69d478f7121b5c6f323553b319cac936395f6", size = 42171896 },
    { url = "https://files.pythonhosted.org/packages/23/1b/716d4cd5a3cbc387c6e6745d2704c4b46654ba2668260d25c402626c5ddb/pyarrow-19.0.1-cp313-cp313t-manylinux_2_28_aarch64.whl", hash = "sha256:7c1bca1897c28013db5e4c83944a2ab53231f541b9e0c3f4791206d0c0de389a", size = 40464851 },
    { url = "https://files.pythonhosted.org/packages/ed/bd/54907846383dcc7ee28772d7e646f6c34276a17da740002a5cefe90f04f7/pyarrow-19.0.1-cp313-cp313t-manylinux_2_28_x86_64.whl", hash = "sha256:58d9397b2e273ef76264b45531e9d552d8ec8a6688b7390b5be44c02a37aade8", size = 42085744 },
    { url = "https://files.pythonhosted.org/packages/16/26/0ec396ebe98adefaffc0fff8e0dc14c8912e61093226284cf4b76faffd22/pyarrow-19.0.1-cp39-cp39-macosx_12_0_arm64.whl", hash = "sha256:b9766a47a9cb56fefe95cb27f535038b5a195707a08bf61b180e642324963b46", size = 30701112 },
    { url = "https://files.pythonhosted.org/packages/ba/10/c35d96686bf7f13e55bb87f06fe06e7d95533c271ef7f9a5a76e26b16fc2/pyarrow-19.0.1-cp39-cp39-macosx_12_0_x86_64.whl", hash = "sha256:6c5941c1aac89a6c2f2b16cd64fe76bcdb94b2b1e99ca6459de4e6f07638d755", size = 32117180 },
    { url = "https://files.pythonhosted.org/packages/8c/0d/81881a55302b6847ea2ea187517faa039c219d80b55050904e354c2eddde/pyarrow-19.0.1-cp39-cp39-manylinux_2_17_aarch64.manylinux2014_aarch64.whl", hash = "sha256:fd44d66093a239358d07c42a91eebf5015aa54fccba959db899f932218ac9cc8", size = 41161334 },
    { url = "https://files.pythonhosted.org/packages/af/17/ea60a07ec6f6bb0740f11715e0d22ab8fdfcc94bc729832321f498370d75/pyarrow-19.0.1-cp39-cp39-manylinux_2_17_x86_64.manylinux2014_x86_64.whl", hash = "sha256:335d170e050bcc7da867a1ed8ffb8b44c57aaa6e0843b156a501298657b1e972", size = 42190375 },
    { url = "https://files.pythonhosted.org/packages/f2/87/4ef05a088b18082cde4950bdfca752dd31effb3ec201b8026e4816d0f3fa/pyarrow-19.0.1-cp39-cp39-manylinux_2_28_aarch64.whl", hash = "sha256:1c7556165bd38cf0cd992df2636f8bcdd2d4b26916c6b7e646101aff3c16f76f", size = 40530649 },
    { url = "https://files.pythonhosted.org/packages/59/1e/9fb9a66a64eae4ff332a8f149d803d8c6c556714803d20d54ed2e9524a3b/pyarrow-19.0.1-cp39-cp39-manylinux_2_28_x86_64.whl", hash = "sha256:699799f9c80bebcf1da0983ba86d7f289c5a2a5c04b945e2f2bcf7e874a91911", size = 42081576 },
    { url = "https://files.pythonhosted.org/packages/1b/ee/c110d8da8bdde8e832ccf1ff90be747cb684874e2dc8acf26840058b0c32/pyarrow-19.0.1-cp39-cp39-win_amd64.whl", hash = "sha256:8464c9fbe6d94a7fe1599e7e8965f350fd233532868232ab2596a71586c5a429", size = 25465593 },
]
